// !$*UTF8*$!
{
	archiveVersion = 1;
	classes = {
	};
	objectVersion = 46;
	objects = {

/* Begin PBXBuildFile section */
		4A6A2A7DC340921075D37383 /* libPods.a in Frameworks */ = {isa = PBXBuildFile; fileRef = 4CA0377E3F1A799826DCC340 /* libPods.a */; };
		E21773171DA3DC48002FA783 /* BookTag.plist in Resources */ = {isa = PBXBuildFile; fileRef = E21773161DA3DC48002FA783 /* BookTag.plist */; };
		E217731D1DA48E0A002FA783 /* BTBookTagViewController.m in Sources */ = {isa = PBXBuildFile; fileRef = E217731C1DA48E0A002FA783 /* BTBookTagViewController.m */; };
		E21A5B7F1DAB5D8900AE96EC /* BTChangePasswordViewController.m in Sources */ = {isa = PBXBuildFile; fileRef = E21A5B7E1DAB5D8900AE96EC /* BTChangePasswordViewController.m */; };
		E21A5B821DABD32500AE96EC /* BTOpenDownloadedBookActionSheet.m in Sources */ = {isa = PBXBuildFile; fileRef = E21A5B811DABD32500AE96EC /* BTOpenDownloadedBookActionSheet.m */; };
		E227393C1D732AB4006D3D34 /* BTKindleBookCell.m in Sources */ = {isa = PBXBuildFile; fileRef = E227393B1D732AB4006D3D34 /* BTKindleBookCell.m */; };
		E229FB1E1DA384EF00574EAD /* guide.txt in Resources */ = {isa = PBXBuildFile; fileRef = E229FB1D1DA384EF00574EAD /* guide.txt */; };
		E229FB211DA387E500574EAD /* BTBookLibraryViewController.m in Sources */ = {isa = PBXBuildFile; fileRef = E229FB201DA387E500574EAD /* BTBookLibraryViewController.m */; };
		E22B0BAF1D93F6BB00D51E4B /* BTBookDetailView.m in Sources */ = {isa = PBXBuildFile; fileRef = E22B0BAE1D93F6BB00D51E4B /* BTBookDetailView.m */; };
		E22B0BB51D96A8F900D51E4B /* BTKindleAssistantFatherViewController.m in Sources */ = {isa = PBXBuildFile; fileRef = E22B0BB41D96A8F900D51E4B /* BTKindleAssistantFatherViewController.m */; };
		E22B0BB81D97AE1300D51E4B /* BTSearchHistoryCell.m in Sources */ = {isa = PBXBuildFile; fileRef = E22B0BB71D97AE1300D51E4B /* BTSearchHistoryCell.m */; };
		E22B8C241D71812A00A9976F /* main.m in Sources */ = {isa = PBXBuildFile; fileRef = E22B8C231D71812A00A9976F /* main.m */; };
		E22B8C271D71812A00A9976F /* AppDelegate.m in Sources */ = {isa = PBXBuildFile; fileRef = E22B8C261D71812A00A9976F /* AppDelegate.m */; };
		E22B8C2F1D71812A00A9976F /* Assets.xcassets in Resources */ = {isa = PBXBuildFile; fileRef = E22B8C2E1D71812A00A9976F /* Assets.xcassets */; };
		E22B8C4E1D71843A00A9976F /* BTKindleAssistantViewController.m in Sources */ = {isa = PBXBuildFile; fileRef = E22B8C4D1D71843A00A9976F /* BTKindleAssistantViewController.m */; };
		E22B8C5B1D7194E700A9976F /* UIView+extension.m in Sources */ = {isa = PBXBuildFile; fileRef = E22B8C5A1D7194E700A9976F /* UIView+extension.m */; };
		E22B8C5E1D72A48800A9976F /* BTBook.m in Sources */ = {isa = PBXBuildFile; fileRef = E22B8C5D1D72A48800A9976F /* BTBook.m */; };
		E231A7811DAA6B140011B03A /* Podfile in Resources */ = {isa = PBXBuildFile; fileRef = E231A7801DAA6B140011B03A /* Podfile */; };
		E231A7841DAA8EB80011B03A /* MJChiBaoZiHeader.m in Sources */ = {isa = PBXBuildFile; fileRef = E231A7831DAA8EB80011B03A /* MJChiBaoZiHeader.m */; };
		E23D41D11E98C5730064A0CD /* bookBrowser.xcdatamodeld in Sources */ = {isa = PBXBuildFile; fileRef = E23D41CF1E98C5730064A0CD /* bookBrowser.xcdatamodeld */; };
		E23D41D31E98C7C40064A0CD /* CoreData.framework in Frameworks */ = {isa = PBXBuildFile; fileRef = E23D41D21E98C7C40064A0CD /* CoreData.framework */; };
		E23D42071E98E4D30064A0CD /* Chapter.m in Sources */ = {isa = PBXBuildFile; fileRef = E23D42011E98E4D30064A0CD /* Chapter.m */; };
		E23D42081E98E4D30064A0CD /* BookBrowser+CoreDataProperties.m in Sources */ = {isa = PBXBuildFile; fileRef = E23D42031E98E4D30064A0CD /* BookBrowser+CoreDataProperties.m */; };
		E23D42091E98E4D30064A0CD /* BookBrowser.m in Sources */ = {isa = PBXBuildFile; fileRef = E23D42051E98E4D30064A0CD /* BookBrowser.m */; };
		E23D420C1E98F5830064A0CD /* BTBookBrowserTool.m in Sources */ = {isa = PBXBuildFile; fileRef = E23D420B1E98F5830064A0CD /* BTBookBrowserTool.m */; };
		E24713311D7ABD510064BF6D /* ChineseInclude.m in Sources */ = {isa = PBXBuildFile; fileRef = E24713201D7ABD510064BF6D /* ChineseInclude.m */; };
		E24713321D7ABD510064BF6D /* ChineseToPinyinResource.m in Sources */ = {isa = PBXBuildFile; fileRef = E24713221D7ABD510064BF6D /* ChineseToPinyinResource.m */; };
		E24713331D7ABD510064BF6D /* HanyuPinyinOutputFormat.m in Sources */ = {isa = PBXBuildFile; fileRef = E24713241D7ABD510064BF6D /* HanyuPinyinOutputFormat.m */; };
		E24713341D7ABD510064BF6D /* NSString+PinYin4Cocoa.m in Sources */ = {isa = PBXBuildFile; fileRef = E24713261D7ABD510064BF6D /* NSString+PinYin4Cocoa.m */; };
		E24713351D7ABD510064BF6D /* PinyinFormatter.m in Sources */ = {isa = PBXBuildFile; fileRef = E24713281D7ABD510064BF6D /* PinyinFormatter.m */; };
		E24713361D7ABD510064BF6D /* PinYinForObjc.m in Sources */ = {isa = PBXBuildFile; fileRef = E247132A1D7ABD510064BF6D /* PinYinForObjc.m */; };
		E24713371D7ABD510064BF6D /* PinyinHelper.m in Sources */ = {isa = PBXBuildFile; fileRef = E247132C1D7ABD510064BF6D /* PinyinHelper.m */; };
		E24713381D7ABD510064BF6D /* unicode_to_hanyu_pinyin.txt in Resources */ = {isa = PBXBuildFile; fileRef = E247132D1D7ABD510064BF6D /* unicode_to_hanyu_pinyin.txt */; };
		E24713401D7AD2640064BF6D /* BTSearchViewController.m in Sources */ = {isa = PBXBuildFile; fileRef = E247133F1D7AD2640064BF6D /* BTSearchViewController.m */; };
		E24713461D7B1DF20064BF6D /* ASPopUpView.m in Sources */ = {isa = PBXBuildFile; fileRef = E24713431D7B1DF20064BF6D /* ASPopUpView.m */; };
		E24713471D7B1DF20064BF6D /* ASProgressPopUpView.m in Sources */ = {isa = PBXBuildFile; fileRef = E24713451D7B1DF20064BF6D /* ASProgressPopUpView.m */; };
		E247134A1D7B23960064BF6D /* LYProgressView.m in Sources */ = {isa = PBXBuildFile; fileRef = E24713491D7B23960064BF6D /* LYProgressView.m */; };
		E247A3591D8B8AFB0098B62E /* BTBaseWebViewController.m in Sources */ = {isa = PBXBuildFile; fileRef = E247A3581D8B8AFB0098B62E /* BTBaseWebViewController.m */; };
		E247A3631D8CD0C90098B62E /* MBProgressHUD+MJ.m in Sources */ = {isa = PBXBuildFile; fileRef = E247A35F1D8CD0C90098B62E /* MBProgressHUD+MJ.m */; };
		E247A3641D8CD0C90098B62E /* MBProgressHUD.bundle in Resources */ = {isa = PBXBuildFile; fileRef = E247A3601D8CD0C90098B62E /* MBProgressHUD.bundle */; };
		E247A3651D8CD0C90098B62E /* MBProgressHUD.m in Sources */ = {isa = PBXBuildFile; fileRef = E247A3621D8CD0C90098B62E /* MBProgressHUD.m */; };
		E247A3681D8CDEC50098B62E /* BTSignInViewController.m in Sources */ = {isa = PBXBuildFile; fileRef = E247A3671D8CDEC50098B62E /* BTSignInViewController.m */; };
		E247A36B1D8CDED30098B62E /* BTSignUpViewController.m in Sources */ = {isa = PBXBuildFile; fileRef = E247A36A1D8CDED30098B62E /* BTSignUpViewController.m */; };
		E247A36D1D8D227C0098B62E /* BTSignInAndUpStoryboard.storyboard in Resources */ = {isa = PBXBuildFile; fileRef = E247A36C1D8D227C0098B62E /* BTSignInAndUpStoryboard.storyboard */; };
		E247A3701D8E6B870098B62E /* BTVerifyEmailViewController.m in Sources */ = {isa = PBXBuildFile; fileRef = E247A36F1D8E6B870098B62E /* BTVerifyEmailViewController.m */; };
		E247A3731D9021C70098B62E /* BTSearchHistoryViewController.m in Sources */ = {isa = PBXBuildFile; fileRef = E247A3721D9021C70098B62E /* BTSearchHistoryViewController.m */; };
		E247A3761D921CEE0098B62E /* BTProfileViewController.m in Sources */ = {isa = PBXBuildFile; fileRef = E247A3751D921CEE0098B62E /* BTProfileViewController.m */; };
		E249206C1D77D979009671EF /* QuickLook.framework in Frameworks */ = {isa = PBXBuildFile; fileRef = E249206B1D77D979009671EF /* QuickLook.framework */; };
		E249208F1D781C50009671EF /* MKAnnotationView+WebCache.m in Sources */ = {isa = PBXBuildFile; fileRef = E249206F1D781C50009671EF /* MKAnnotationView+WebCache.m */; };
		E24920901D781C50009671EF /* NSData+ImageContentType.m in Sources */ = {isa = PBXBuildFile; fileRef = E24920711D781C50009671EF /* NSData+ImageContentType.m */; };
		E24920911D781C50009671EF /* SDImageCache.m in Sources */ = {isa = PBXBuildFile; fileRef = E24920731D781C50009671EF /* SDImageCache.m */; };
		E24920921D781C50009671EF /* SDWebImageCompat.m in Sources */ = {isa = PBXBuildFile; fileRef = E24920751D781C50009671EF /* SDWebImageCompat.m */; };
		E24920931D781C50009671EF /* SDWebImageDecoder.m in Sources */ = {isa = PBXBuildFile; fileRef = E24920771D781C50009671EF /* SDWebImageDecoder.m */; };
		E24920941D781C50009671EF /* SDWebImageDownloader.m in Sources */ = {isa = PBXBuildFile; fileRef = E24920791D781C50009671EF /* SDWebImageDownloader.m */; };
		E24920951D781C50009671EF /* SDWebImageDownloaderOperation.m in Sources */ = {isa = PBXBuildFile; fileRef = E249207B1D781C50009671EF /* SDWebImageDownloaderOperation.m */; };
		E24920961D781C50009671EF /* SDWebImageManager.m in Sources */ = {isa = PBXBuildFile; fileRef = E249207D1D781C50009671EF /* SDWebImageManager.m */; };
		E24920971D781C50009671EF /* SDWebImagePrefetcher.m in Sources */ = {isa = PBXBuildFile; fileRef = E24920801D781C50009671EF /* SDWebImagePrefetcher.m */; };
		E24920981D781C50009671EF /* UIButton+WebCache.m in Sources */ = {isa = PBXBuildFile; fileRef = E24920821D781C50009671EF /* UIButton+WebCache.m */; };
		E24920991D781C50009671EF /* UIImage+GIF.m in Sources */ = {isa = PBXBuildFile; fileRef = E24920841D781C50009671EF /* UIImage+GIF.m */; };
		E249209A1D781C50009671EF /* UIImage+MultiFormat.m in Sources */ = {isa = PBXBuildFile; fileRef = E24920861D781C50009671EF /* UIImage+MultiFormat.m */; };
		E249209B1D781C50009671EF /* UIImage+WebP.m in Sources */ = {isa = PBXBuildFile; fileRef = E24920881D781C50009671EF /* UIImage+WebP.m */; };
		E249209C1D781C50009671EF /* UIImageView+HighlightedWebCache.m in Sources */ = {isa = PBXBuildFile; fileRef = E249208A1D781C50009671EF /* UIImageView+HighlightedWebCache.m */; };
		E249209D1D781C50009671EF /* UIImageView+WebCache.m in Sources */ = {isa = PBXBuildFile; fileRef = E249208C1D781C50009671EF /* UIImageView+WebCache.m */; };
		E249209E1D781C50009671EF /* UIView+WebCacheOperation.m in Sources */ = {isa = PBXBuildFile; fileRef = E249208E1D781C50009671EF /* UIView+WebCacheOperation.m */; };
		E29207A11D77058D0054B800 /* MessageUI.framework in Frameworks */ = {isa = PBXBuildFile; fileRef = E29207A01D77058D0054B800 /* MessageUI.framework */; };
		E299E77A1DB20CE9001F0CC7 /* BTAdviceViewController.m in Sources */ = {isa = PBXBuildFile; fileRef = E299E7791DB20CE9001F0CC7 /* BTAdviceViewController.m */; };
		E2E6295C1E90A88600A4ACA5 /* BTBookBrowserViewController.m in Sources */ = {isa = PBXBuildFile; fileRef = E2E6295B1E90A88600A4ACA5 /* BTBookBrowserViewController.m */; };
		E2E62BBE1E90B9C300A4ACA5 /* CharDistribution.mm in Sources */ = {isa = PBXBuildFile; fileRef = E2E62B811E90B9C300A4ACA5 /* CharDistribution.mm */; };
		E2E62BBF1E90B9C300A4ACA5 /* EUCKRFreq.tab in Resources */ = {isa = PBXBuildFile; fileRef = E2E62B821E90B9C300A4ACA5 /* EUCKRFreq.tab */; };
		E2E62BC01E90B9C300A4ACA5 /* EUCTWFreq.tab in Resources */ = {isa = PBXBuildFile; fileRef = E2E62B831E90B9C300A4ACA5 /* EUCTWFreq.tab */; };
		E2E62BC11E90B9C300A4ACA5 /* GB2312Freq.tab in Resources */ = {isa = PBXBuildFile; fileRef = E2E62B841E90B9C300A4ACA5 /* GB2312Freq.tab */; };
		E2E62BC21E90B9C300A4ACA5 /* JISFreq.tab in Resources */ = {isa = PBXBuildFile; fileRef = E2E62B851E90B9C300A4ACA5 /* JISFreq.tab */; };
		E2E62BC31E90B9C300A4ACA5 /* JpCntx.mm in Sources */ = {isa = PBXBuildFile; fileRef = E2E62B871E90B9C300A4ACA5 /* JpCntx.mm */; };
		E2E62BC41E90B9C300A4ACA5 /* LangArabicModel.mm in Sources */ = {isa = PBXBuildFile; fileRef = E2E62B891E90B9C300A4ACA5 /* LangArabicModel.mm */; };
		E2E62BC51E90B9C300A4ACA5 /* LangBulgarianModel.mm in Sources */ = {isa = PBXBuildFile; fileRef = E2E62B8A1E90B9C300A4ACA5 /* LangBulgarianModel.mm */; };
		E2E62BC61E90B9C300A4ACA5 /* LangDanishModel.mm in Sources */ = {isa = PBXBuildFile; fileRef = E2E62B8B1E90B9C300A4ACA5 /* LangDanishModel.mm */; };
		E2E62BC71E90B9C300A4ACA5 /* LangEsperantoModel.mm in Sources */ = {isa = PBXBuildFile; fileRef = E2E62B8C1E90B9C300A4ACA5 /* LangEsperantoModel.mm */; };
		E2E62BC81E90B9C300A4ACA5 /* LangFrenchModel.mm in Sources */ = {isa = PBXBuildFile; fileRef = E2E62B8D1E90B9C300A4ACA5 /* LangFrenchModel.mm */; };
		E2E62BC91E90B9C300A4ACA5 /* LangGermanModel.mm in Sources */ = {isa = PBXBuildFile; fileRef = E2E62B8E1E90B9C300A4ACA5 /* LangGermanModel.mm */; };
		E2E62BCA1E90B9C300A4ACA5 /* LangGreekModel.mm in Sources */ = {isa = PBXBuildFile; fileRef = E2E62B8F1E90B9C300A4ACA5 /* LangGreekModel.mm */; };
		E2E62BCB1E90B9C300A4ACA5 /* LangHebrewModel.mm in Sources */ = {isa = PBXBuildFile; fileRef = E2E62B901E90B9C300A4ACA5 /* LangHebrewModel.mm */; };
		E2E62BCC1E90B9C300A4ACA5 /* LangHungarianModel.mm in Sources */ = {isa = PBXBuildFile; fileRef = E2E62B911E90B9C300A4ACA5 /* LangHungarianModel.mm */; };
		E2E62BCD1E90B9C300A4ACA5 /* LangRussianModel.mm in Sources */ = {isa = PBXBuildFile; fileRef = E2E62B921E90B9C300A4ACA5 /* LangRussianModel.mm */; };
		E2E62BCE1E90B9C300A4ACA5 /* LangSpanishModel.mm in Sources */ = {isa = PBXBuildFile; fileRef = E2E62B931E90B9C300A4ACA5 /* LangSpanishModel.mm */; };
		E2E62BCF1E90B9C300A4ACA5 /* LangThaiModel.mm in Sources */ = {isa = PBXBuildFile; fileRef = E2E62B941E90B9C300A4ACA5 /* LangThaiModel.mm */; };
		E2E62BD01E90B9C300A4ACA5 /* LangTurkishModel.mm in Sources */ = {isa = PBXBuildFile; fileRef = E2E62B951E90B9C300A4ACA5 /* LangTurkishModel.mm */; };
		E2E62BD11E90B9C300A4ACA5 /* LangVietnameseModel.mm in Sources */ = {isa = PBXBuildFile; fileRef = E2E62B961E90B9C300A4ACA5 /* LangVietnameseModel.mm */; };
		E2E62BD21E90B9C300A4ACA5 /* nsBig5Prober.mm in Sources */ = {isa = PBXBuildFile; fileRef = E2E62B981E90B9C300A4ACA5 /* nsBig5Prober.mm */; };
		E2E62BD31E90B9C300A4ACA5 /* nsCharSetProber.mm in Sources */ = {isa = PBXBuildFile; fileRef = E2E62B9A1E90B9C300A4ACA5 /* nsCharSetProber.mm */; };
		E2E62BD41E90B9C300A4ACA5 /* nsEscCharsetProber.mm in Sources */ = {isa = PBXBuildFile; fileRef = E2E62B9E1E90B9C300A4ACA5 /* nsEscCharsetProber.mm */; };
		E2E62BD51E90B9C300A4ACA5 /* nsEscSM.mm in Sources */ = {isa = PBXBuildFile; fileRef = E2E62B9F1E90B9C300A4ACA5 /* nsEscSM.mm */; };
		E2E62BD61E90B9C300A4ACA5 /* nsEUCJPProber.mm in Sources */ = {isa = PBXBuildFile; fileRef = E2E62BA11E90B9C300A4ACA5 /* nsEUCJPProber.mm */; };
		E2E62BD71E90B9C300A4ACA5 /* nsEUCKRProber.mm in Sources */ = {isa = PBXBuildFile; fileRef = E2E62BA31E90B9C300A4ACA5 /* nsEUCKRProber.mm */; };
		E2E62BD81E90B9C300A4ACA5 /* nsEUCTWProber.mm in Sources */ = {isa = PBXBuildFile; fileRef = E2E62BA51E90B9C300A4ACA5 /* nsEUCTWProber.mm */; };
		E2E62BD91E90B9C300A4ACA5 /* nsGB2312Prober.mm in Sources */ = {isa = PBXBuildFile; fileRef = E2E62BA71E90B9C300A4ACA5 /* nsGB2312Prober.mm */; };
		E2E62BDA1E90B9C300A4ACA5 /* nsHebrewProber.mm in Sources */ = {isa = PBXBuildFile; fileRef = E2E62BA91E90B9C300A4ACA5 /* nsHebrewProber.mm */; };
		E2E62BDB1E90B9C300A4ACA5 /* nsLatin1Prober.mm in Sources */ = {isa = PBXBuildFile; fileRef = E2E62BAB1E90B9C300A4ACA5 /* nsLatin1Prober.mm */; };
		E2E62BDC1E90B9C300A4ACA5 /* nsMBCSGroupProber.mm in Sources */ = {isa = PBXBuildFile; fileRef = E2E62BAD1E90B9C300A4ACA5 /* nsMBCSGroupProber.mm */; };
		E2E62BDD1E90B9C300A4ACA5 /* nsMBCSSM.mm in Sources */ = {isa = PBXBuildFile; fileRef = E2E62BAE1E90B9C300A4ACA5 /* nsMBCSSM.mm */; };
		E2E62BDE1E90B9C300A4ACA5 /* nsSBCharSetProber.mm in Sources */ = {isa = PBXBuildFile; fileRef = E2E62BB11E90B9C300A4ACA5 /* nsSBCharSetProber.mm */; };
		E2E62BDF1E90B9C300A4ACA5 /* nsSBCSGroupProber.mm in Sources */ = {isa = PBXBuildFile; fileRef = E2E62BB31E90B9C300A4ACA5 /* nsSBCSGroupProber.mm */; };
		E2E62BE01E90B9C300A4ACA5 /* nsSJISProber.mm in Sources */ = {isa = PBXBuildFile; fileRef = E2E62BB51E90B9C300A4ACA5 /* nsSJISProber.mm */; };
		E2E62BE11E90B9C300A4ACA5 /* nsUniversalDetector.mm in Sources */ = {isa = PBXBuildFile; fileRef = E2E62BB71E90B9C300A4ACA5 /* nsUniversalDetector.mm */; };
		E2E62BE21E90B9C300A4ACA5 /* nsUTF8Prober.mm in Sources */ = {isa = PBXBuildFile; fileRef = E2E62BB91E90B9C300A4ACA5 /* nsUTF8Prober.mm */; };
		E2E62BE31E90B9C300A4ACA5 /* uchardet.mm in Sources */ = {isa = PBXBuildFile; fileRef = E2E62BBD1E90B9C300A4ACA5 /* uchardet.mm */; };
		E2E62BE51E90B9FE00A4ACA5 /* Big5Freq.tab in Resources */ = {isa = PBXBuildFile; fileRef = E2E62BE41E90B9FE00A4ACA5 /* Big5Freq.tab */; };
		E2E62C7B1E91466B00A4ACA5 /* NSString+BTOverRange.m in Sources */ = {isa = PBXBuildFile; fileRef = E2E62C7A1E91466B00A4ACA5 /* NSString+BTOverRange.m */; };
/* End PBXBuildFile section */

/* Begin PBXFileReference section */
		4B58FAF8997860304B2587B2 /* Pods.release.xcconfig */ = {isa = PBXFileReference; includeInIndex = 1; lastKnownFileType = text.xcconfig; name = Pods.release.xcconfig; path = "Pods/Target Support Files/Pods/Pods.release.xcconfig"; sourceTree = "<group>"; };
		4C0EF943891CF2231A5BE3D8 /* Pods.debug.xcconfig */ = {isa = PBXFileReference; includeInIndex = 1; lastKnownFileType = text.xcconfig; name = Pods.debug.xcconfig; path = "Pods/Target Support Files/Pods/Pods.debug.xcconfig"; sourceTree = "<group>"; };
		4CA0377E3F1A799826DCC340 /* libPods.a */ = {isa = PBXFileReference; explicitFileType = archive.ar; includeInIndex = 0; path = libPods.a; sourceTree = BUILT_PRODUCTS_DIR; };
		E21058581DADFD8A00D2E159 /* Binder.profdata */ = {isa = PBXFileReference; lastKnownFileType = file; path = Binder.profdata; sourceTree = "<group>"; };
		E21773161DA3DC48002FA783 /* BookTag.plist */ = {isa = PBXFileReference; fileEncoding = 4; lastKnownFileType = text.plist.xml; path = BookTag.plist; sourceTree = "<group>"; };
		E217731B1DA48E0A002FA783 /* BTBookTagViewController.h */ = {isa = PBXFileReference; fileEncoding = 4; lastKnownFileType = sourcecode.c.h; path = BTBookTagViewController.h; sourceTree = "<group>"; };
		E217731C1DA48E0A002FA783 /* BTBookTagViewController.m */ = {isa = PBXFileReference; fileEncoding = 4; lastKnownFileType = sourcecode.c.objc; path = BTBookTagViewController.m; sourceTree = "<group>"; };
		E21A5B7D1DAB5D8900AE96EC /* BTChangePasswordViewController.h */ = {isa = PBXFileReference; fileEncoding = 4; lastKnownFileType = sourcecode.c.h; path = BTChangePasswordViewController.h; sourceTree = "<group>"; };
		E21A5B7E1DAB5D8900AE96EC /* BTChangePasswordViewController.m */ = {isa = PBXFileReference; fileEncoding = 4; lastKnownFileType = sourcecode.c.objc; path = BTChangePasswordViewController.m; sourceTree = "<group>"; };
		E21A5B801DABD32500AE96EC /* BTOpenDownloadedBookActionSheet.h */ = {isa = PBXFileReference; fileEncoding = 4; lastKnownFileType = sourcecode.c.h; path = BTOpenDownloadedBookActionSheet.h; sourceTree = "<group>"; };
		E21A5B811DABD32500AE96EC /* BTOpenDownloadedBookActionSheet.m */ = {isa = PBXFileReference; fileEncoding = 4; lastKnownFileType = sourcecode.c.objc; path = BTOpenDownloadedBookActionSheet.m; sourceTree = "<group>"; };
		E227393A1D732AB4006D3D34 /* BTKindleBookCell.h */ = {isa = PBXFileReference; fileEncoding = 4; lastKnownFileType = sourcecode.c.h; path = BTKindleBookCell.h; sourceTree = "<group>"; };
		E227393B1D732AB4006D3D34 /* BTKindleBookCell.m */ = {isa = PBXFileReference; fileEncoding = 4; lastKnownFileType = sourcecode.c.objc; path = BTKindleBookCell.m; sourceTree = "<group>"; };
		E229FB1D1DA384EF00574EAD /* guide.txt */ = {isa = PBXFileReference; fileEncoding = 4; lastKnownFileType = text; path = guide.txt; sourceTree = "<group>"; };
		E229FB1F1DA387E500574EAD /* BTBookLibraryViewController.h */ = {isa = PBXFileReference; fileEncoding = 4; lastKnownFileType = sourcecode.c.h; path = BTBookLibraryViewController.h; sourceTree = "<group>"; };
		E229FB201DA387E500574EAD /* BTBookLibraryViewController.m */ = {isa = PBXFileReference; fileEncoding = 4; lastKnownFileType = sourcecode.c.objc; path = BTBookLibraryViewController.m; sourceTree = "<group>"; };
		E22B0BAD1D93F6BB00D51E4B /* BTBookDetailView.h */ = {isa = PBXFileReference; fileEncoding = 4; lastKnownFileType = sourcecode.c.h; path = BTBookDetailView.h; sourceTree = "<group>"; };
		E22B0BAE1D93F6BB00D51E4B /* BTBookDetailView.m */ = {isa = PBXFileReference; fileEncoding = 4; lastKnownFileType = sourcecode.c.objc; path = BTBookDetailView.m; sourceTree = "<group>"; };
		E22B0BB31D96A8F900D51E4B /* BTKindleAssistantFatherViewController.h */ = {isa = PBXFileReference; fileEncoding = 4; lastKnownFileType = sourcecode.c.h; path = BTKindleAssistantFatherViewController.h; sourceTree = "<group>"; };
		E22B0BB41D96A8F900D51E4B /* BTKindleAssistantFatherViewController.m */ = {isa = PBXFileReference; fileEncoding = 4; lastKnownFileType = sourcecode.c.objc; path = BTKindleAssistantFatherViewController.m; sourceTree = "<group>"; };
		E22B0BB61D97AE1300D51E4B /* BTSearchHistoryCell.h */ = {isa = PBXFileReference; fileEncoding = 4; lastKnownFileType = sourcecode.c.h; path = BTSearchHistoryCell.h; sourceTree = "<group>"; };
		E22B0BB71D97AE1300D51E4B /* BTSearchHistoryCell.m */ = {isa = PBXFileReference; fileEncoding = 4; lastKnownFileType = sourcecode.c.objc; path = BTSearchHistoryCell.m; sourceTree = "<group>"; };
		E22B8C1F1D71812A00A9976F /* Binder.app */ = {isa = PBXFileReference; explicitFileType = wrapper.application; includeInIndex = 0; path = Binder.app; sourceTree = BUILT_PRODUCTS_DIR; };
		E22B8C231D71812A00A9976F /* main.m */ = {isa = PBXFileReference; lastKnownFileType = sourcecode.c.objc; path = main.m; sourceTree = "<group>"; };
		E22B8C251D71812A00A9976F /* AppDelegate.h */ = {isa = PBXFileReference; lastKnownFileType = sourcecode.c.h; name = AppDelegate.h; path = ../../AppDelegate.h; sourceTree = "<group>"; };
		E22B8C261D71812A00A9976F /* AppDelegate.m */ = {isa = PBXFileReference; lastKnownFileType = sourcecode.c.objc; name = AppDelegate.m; path = ../../AppDelegate.m; sourceTree = "<group>"; };
		E22B8C2E1D71812A00A9976F /* Assets.xcassets */ = {isa = PBXFileReference; lastKnownFileType = folder.assetcatalog; path = Assets.xcassets; sourceTree = "<group>"; };
		E22B8C331D71812A00A9976F /* Info.plist */ = {isa = PBXFileReference; lastKnownFileType = text.plist.xml; path = Info.plist; sourceTree = "<group>"; };
		E22B8C4C1D71843A00A9976F /* BTKindleAssistantViewController.h */ = {isa = PBXFileReference; fileEncoding = 4; lastKnownFileType = sourcecode.c.h; path = BTKindleAssistantViewController.h; sourceTree = "<group>"; };
		E22B8C4D1D71843A00A9976F /* BTKindleAssistantViewController.m */ = {isa = PBXFileReference; fileEncoding = 4; lastKnownFileType = sourcecode.c.objc; path = BTKindleAssistantViewController.m; sourceTree = "<group>"; };
		E22B8C591D7194E700A9976F /* UIView+extension.h */ = {isa = PBXFileReference; fileEncoding = 4; lastKnownFileType = sourcecode.c.h; path = "UIView+extension.h"; sourceTree = "<group>"; };
		E22B8C5A1D7194E700A9976F /* UIView+extension.m */ = {isa = PBXFileReference; fileEncoding = 4; lastKnownFileType = sourcecode.c.objc; path = "UIView+extension.m"; sourceTree = "<group>"; };
		E22B8C5C1D72A48800A9976F /* BTBook.h */ = {isa = PBXFileReference; fileEncoding = 4; lastKnownFileType = sourcecode.c.h; path = BTBook.h; sourceTree = "<group>"; };
		E22B8C5D1D72A48800A9976F /* BTBook.m */ = {isa = PBXFileReference; fileEncoding = 4; lastKnownFileType = sourcecode.c.objc; path = BTBook.m; sourceTree = "<group>"; };
		E231A7801DAA6B140011B03A /* Podfile */ = {isa = PBXFileReference; fileEncoding = 4; lastKnownFileType = text; path = Podfile; sourceTree = "<group>"; };
		E231A7821DAA8EB80011B03A /* MJChiBaoZiHeader.h */ = {isa = PBXFileReference; fileEncoding = 4; lastKnownFileType = sourcecode.c.h; path = MJChiBaoZiHeader.h; sourceTree = "<group>"; };
		E231A7831DAA8EB80011B03A /* MJChiBaoZiHeader.m */ = {isa = PBXFileReference; fileEncoding = 4; lastKnownFileType = sourcecode.c.objc; path = MJChiBaoZiHeader.m; sourceTree = "<group>"; };
		E23D41D01E98C5730064A0CD /* bookBrowser.xcdatamodel */ = {isa = PBXFileReference; lastKnownFileType = wrapper.xcdatamodel; path = bookBrowser.xcdatamodel; sourceTree = "<group>"; };
		E23D41D21E98C7C40064A0CD /* CoreData.framework */ = {isa = PBXFileReference; lastKnownFileType = wrapper.framework; name = CoreData.framework; path = System/Library/Frameworks/CoreData.framework; sourceTree = SDKROOT; };
		E23D42001E98E4D30064A0CD /* Chapter.h */ = {isa = PBXFileReference; fileEncoding = 4; lastKnownFileType = sourcecode.c.h; name = Chapter.h; path = ../Chapter.h; sourceTree = "<group>"; };
		E23D42011E98E4D30064A0CD /* Chapter.m */ = {isa = PBXFileReference; fileEncoding = 4; lastKnownFileType = sourcecode.c.objc; name = Chapter.m; path = ../Chapter.m; sourceTree = "<group>"; };
		E23D42021E98E4D30064A0CD /* BookBrowser+CoreDataProperties.h */ = {isa = PBXFileReference; fileEncoding = 4; lastKnownFileType = sourcecode.c.h; name = "BookBrowser+CoreDataProperties.h"; path = "../BookBrowser+CoreDataProperties.h"; sourceTree = "<group>"; };
		E23D42031E98E4D30064A0CD /* BookBrowser+CoreDataProperties.m */ = {isa = PBXFileReference; fileEncoding = 4; lastKnownFileType = sourcecode.c.objc; name = "BookBrowser+CoreDataProperties.m"; path = "../BookBrowser+CoreDataProperties.m"; sourceTree = "<group>"; };
		E23D42041E98E4D30064A0CD /* BookBrowser.h */ = {isa = PBXFileReference; fileEncoding = 4; lastKnownFileType = sourcecode.c.h; name = BookBrowser.h; path = ../BookBrowser.h; sourceTree = "<group>"; };
		E23D42051E98E4D30064A0CD /* BookBrowser.m */ = {isa = PBXFileReference; fileEncoding = 4; lastKnownFileType = sourcecode.c.objc; name = BookBrowser.m; path = ../BookBrowser.m; sourceTree = "<group>"; };
		E23D420A1E98F5830064A0CD /* BTBookBrowserTool.h */ = {isa = PBXFileReference; fileEncoding = 4; lastKnownFileType = sourcecode.c.h; path = BTBookBrowserTool.h; sourceTree = "<group>"; };
		E23D420B1E98F5830064A0CD /* BTBookBrowserTool.m */ = {isa = PBXFileReference; fileEncoding = 4; lastKnownFileType = sourcecode.c.objc; path = BTBookBrowserTool.m; sourceTree = "<group>"; };
		E24713181D7A632D0064BF6D /* PrefixHeader.pch */ = {isa = PBXFileReference; fileEncoding = 4; lastKnownFileType = sourcecode.c.h; name = PrefixHeader.pch; path = ../../PrefixHeader.pch; sourceTree = "<group>"; };
		E247131F1D7ABD510064BF6D /* ChineseInclude.h */ = {isa = PBXFileReference; fileEncoding = 4; lastKnownFileType = sourcecode.c.h; path = ChineseInclude.h; sourceTree = "<group>"; };
		E24713201D7ABD510064BF6D /* ChineseInclude.m */ = {isa = PBXFileReference; fileEncoding = 4; lastKnownFileType = sourcecode.c.objc; path = ChineseInclude.m; sourceTree = "<group>"; };
		E24713211D7ABD510064BF6D /* ChineseToPinyinResource.h */ = {isa = PBXFileReference; fileEncoding = 4; lastKnownFileType = sourcecode.c.h; path = ChineseToPinyinResource.h; sourceTree = "<group>"; };
		E24713221D7ABD510064BF6D /* ChineseToPinyinResource.m */ = {isa = PBXFileReference; fileEncoding = 4; lastKnownFileType = sourcecode.c.objc; path = ChineseToPinyinResource.m; sourceTree = "<group>"; };
		E24713231D7ABD510064BF6D /* HanyuPinyinOutputFormat.h */ = {isa = PBXFileReference; fileEncoding = 4; lastKnownFileType = sourcecode.c.h; path = HanyuPinyinOutputFormat.h; sourceTree = "<group>"; };
		E24713241D7ABD510064BF6D /* HanyuPinyinOutputFormat.m */ = {isa = PBXFileReference; fileEncoding = 4; lastKnownFileType = sourcecode.c.objc; path = HanyuPinyinOutputFormat.m; sourceTree = "<group>"; };
		E24713251D7ABD510064BF6D /* NSString+PinYin4Cocoa.h */ = {isa = PBXFileReference; fileEncoding = 4; lastKnownFileType = sourcecode.c.h; path = "NSString+PinYin4Cocoa.h"; sourceTree = "<group>"; };
		E24713261D7ABD510064BF6D /* NSString+PinYin4Cocoa.m */ = {isa = PBXFileReference; fileEncoding = 4; lastKnownFileType = sourcecode.c.objc; path = "NSString+PinYin4Cocoa.m"; sourceTree = "<group>"; };
		E24713271D7ABD510064BF6D /* PinyinFormatter.h */ = {isa = PBXFileReference; fileEncoding = 4; lastKnownFileType = sourcecode.c.h; path = PinyinFormatter.h; sourceTree = "<group>"; };
		E24713281D7ABD510064BF6D /* PinyinFormatter.m */ = {isa = PBXFileReference; fileEncoding = 4; lastKnownFileType = sourcecode.c.objc; path = PinyinFormatter.m; sourceTree = "<group>"; };
		E24713291D7ABD510064BF6D /* PinYinForObjc.h */ = {isa = PBXFileReference; fileEncoding = 4; lastKnownFileType = sourcecode.c.h; path = PinYinForObjc.h; sourceTree = "<group>"; };
		E247132A1D7ABD510064BF6D /* PinYinForObjc.m */ = {isa = PBXFileReference; fileEncoding = 4; lastKnownFileType = sourcecode.c.objc; path = PinYinForObjc.m; sourceTree = "<group>"; };
		E247132B1D7ABD510064BF6D /* PinyinHelper.h */ = {isa = PBXFileReference; fileEncoding = 4; lastKnownFileType = sourcecode.c.h; path = PinyinHelper.h; sourceTree = "<group>"; };
		E247132C1D7ABD510064BF6D /* PinyinHelper.m */ = {isa = PBXFileReference; fileEncoding = 4; lastKnownFileType = sourcecode.c.objc; path = PinyinHelper.m; sourceTree = "<group>"; };
		E247132D1D7ABD510064BF6D /* unicode_to_hanyu_pinyin.txt */ = {isa = PBXFileReference; fileEncoding = 4; lastKnownFileType = text; path = unicode_to_hanyu_pinyin.txt; sourceTree = "<group>"; };
		E247133E1D7AD2640064BF6D /* BTSearchViewController.h */ = {isa = PBXFileReference; fileEncoding = 4; lastKnownFileType = sourcecode.c.h; path = BTSearchViewController.h; sourceTree = "<group>"; };
		E247133F1D7AD2640064BF6D /* BTSearchViewController.m */ = {isa = PBXFileReference; fileEncoding = 4; lastKnownFileType = sourcecode.c.objc; path = BTSearchViewController.m; sourceTree = "<group>"; };
		E24713421D7B1DF20064BF6D /* ASPopUpView.h */ = {isa = PBXFileReference; fileEncoding = 4; lastKnownFileType = sourcecode.c.h; path = ASPopUpView.h; sourceTree = "<group>"; };
		E24713431D7B1DF20064BF6D /* ASPopUpView.m */ = {isa = PBXFileReference; fileEncoding = 4; lastKnownFileType = sourcecode.c.objc; path = ASPopUpView.m; sourceTree = "<group>"; };
		E24713441D7B1DF20064BF6D /* ASProgressPopUpView.h */ = {isa = PBXFileReference; fileEncoding = 4; lastKnownFileType = sourcecode.c.h; path = ASProgressPopUpView.h; sourceTree = "<group>"; };
		E24713451D7B1DF20064BF6D /* ASProgressPopUpView.m */ = {isa = PBXFileReference; fileEncoding = 4; lastKnownFileType = sourcecode.c.objc; path = ASProgressPopUpView.m; sourceTree = "<group>"; };
		E24713481D7B23960064BF6D /* LYProgressView.h */ = {isa = PBXFileReference; fileEncoding = 4; lastKnownFileType = sourcecode.c.h; path = LYProgressView.h; sourceTree = "<group>"; };
		E24713491D7B23960064BF6D /* LYProgressView.m */ = {isa = PBXFileReference; fileEncoding = 4; lastKnownFileType = sourcecode.c.objc; path = LYProgressView.m; sourceTree = "<group>"; };
		E247A3571D8B8AFB0098B62E /* BTBaseWebViewController.h */ = {isa = PBXFileReference; fileEncoding = 4; lastKnownFileType = sourcecode.c.h; path = BTBaseWebViewController.h; sourceTree = "<group>"; };
		E247A3581D8B8AFB0098B62E /* BTBaseWebViewController.m */ = {isa = PBXFileReference; fileEncoding = 4; lastKnownFileType = sourcecode.c.objc; path = BTBaseWebViewController.m; sourceTree = "<group>"; };
		E247A35E1D8CD0C90098B62E /* MBProgressHUD+MJ.h */ = {isa = PBXFileReference; fileEncoding = 4; lastKnownFileType = sourcecode.c.h; path = "MBProgressHUD+MJ.h"; sourceTree = "<group>"; };
		E247A35F1D8CD0C90098B62E /* MBProgressHUD+MJ.m */ = {isa = PBXFileReference; fileEncoding = 4; lastKnownFileType = sourcecode.c.objc; path = "MBProgressHUD+MJ.m"; sourceTree = "<group>"; };
		E247A3601D8CD0C90098B62E /* MBProgressHUD.bundle */ = {isa = PBXFileReference; lastKnownFileType = "wrapper.plug-in"; path = MBProgressHUD.bundle; sourceTree = "<group>"; };
		E247A3611D8CD0C90098B62E /* MBProgressHUD.h */ = {isa = PBXFileReference; fileEncoding = 4; lastKnownFileType = sourcecode.c.h; path = MBProgressHUD.h; sourceTree = "<group>"; };
		E247A3621D8CD0C90098B62E /* MBProgressHUD.m */ = {isa = PBXFileReference; fileEncoding = 4; lastKnownFileType = sourcecode.c.objc; path = MBProgressHUD.m; sourceTree = "<group>"; };
		E247A3661D8CDEC50098B62E /* BTSignInViewController.h */ = {isa = PBXFileReference; fileEncoding = 4; lastKnownFileType = sourcecode.c.h; path = BTSignInViewController.h; sourceTree = "<group>"; };
		E247A3671D8CDEC50098B62E /* BTSignInViewController.m */ = {isa = PBXFileReference; fileEncoding = 4; lastKnownFileType = sourcecode.c.objc; path = BTSignInViewController.m; sourceTree = "<group>"; };
		E247A3691D8CDED30098B62E /* BTSignUpViewController.h */ = {isa = PBXFileReference; fileEncoding = 4; lastKnownFileType = sourcecode.c.h; path = BTSignUpViewController.h; sourceTree = "<group>"; };
		E247A36A1D8CDED30098B62E /* BTSignUpViewController.m */ = {isa = PBXFileReference; fileEncoding = 4; lastKnownFileType = sourcecode.c.objc; path = BTSignUpViewController.m; sourceTree = "<group>"; };
		E247A36C1D8D227C0098B62E /* BTSignInAndUpStoryboard.storyboard */ = {isa = PBXFileReference; fileEncoding = 4; lastKnownFileType = file.storyboard; path = BTSignInAndUpStoryboard.storyboard; sourceTree = "<group>"; };
		E247A36E1D8E6B870098B62E /* BTVerifyEmailViewController.h */ = {isa = PBXFileReference; fileEncoding = 4; lastKnownFileType = sourcecode.c.h; path = BTVerifyEmailViewController.h; sourceTree = "<group>"; };
		E247A36F1D8E6B870098B62E /* BTVerifyEmailViewController.m */ = {isa = PBXFileReference; fileEncoding = 4; lastKnownFileType = sourcecode.c.objc; path = BTVerifyEmailViewController.m; sourceTree = "<group>"; };
		E247A3711D9021C70098B62E /* BTSearchHistoryViewController.h */ = {isa = PBXFileReference; fileEncoding = 4; lastKnownFileType = sourcecode.c.h; path = BTSearchHistoryViewController.h; sourceTree = "<group>"; };
		E247A3721D9021C70098B62E /* BTSearchHistoryViewController.m */ = {isa = PBXFileReference; fileEncoding = 4; lastKnownFileType = sourcecode.c.objc; path = BTSearchHistoryViewController.m; sourceTree = "<group>"; };
		E247A3741D921CEE0098B62E /* BTProfileViewController.h */ = {isa = PBXFileReference; fileEncoding = 4; lastKnownFileType = sourcecode.c.h; path = BTProfileViewController.h; sourceTree = "<group>"; };
		E247A3751D921CEE0098B62E /* BTProfileViewController.m */ = {isa = PBXFileReference; fileEncoding = 4; lastKnownFileType = sourcecode.c.objc; path = BTProfileViewController.m; sourceTree = "<group>"; };
		E249206B1D77D979009671EF /* QuickLook.framework */ = {isa = PBXFileReference; lastKnownFileType = wrapper.framework; name = QuickLook.framework; path = System/Library/Frameworks/QuickLook.framework; sourceTree = SDKROOT; };
		E249206E1D781C50009671EF /* MKAnnotationView+WebCache.h */ = {isa = PBXFileReference; fileEncoding = 4; lastKnownFileType = sourcecode.c.h; path = "MKAnnotationView+WebCache.h"; sourceTree = "<group>"; };
		E249206F1D781C50009671EF /* MKAnnotationView+WebCache.m */ = {isa = PBXFileReference; fileEncoding = 4; lastKnownFileType = sourcecode.c.objc; path = "MKAnnotationView+WebCache.m"; sourceTree = "<group>"; };
		E24920701D781C50009671EF /* NSData+ImageContentType.h */ = {isa = PBXFileReference; fileEncoding = 4; lastKnownFileType = sourcecode.c.h; path = "NSData+ImageContentType.h"; sourceTree = "<group>"; };
		E24920711D781C50009671EF /* NSData+ImageContentType.m */ = {isa = PBXFileReference; fileEncoding = 4; lastKnownFileType = sourcecode.c.objc; path = "NSData+ImageContentType.m"; sourceTree = "<group>"; };
		E24920721D781C50009671EF /* SDImageCache.h */ = {isa = PBXFileReference; fileEncoding = 4; lastKnownFileType = sourcecode.c.h; path = SDImageCache.h; sourceTree = "<group>"; };
		E24920731D781C50009671EF /* SDImageCache.m */ = {isa = PBXFileReference; fileEncoding = 4; lastKnownFileType = sourcecode.c.objc; path = SDImageCache.m; sourceTree = "<group>"; };
		E24920741D781C50009671EF /* SDWebImageCompat.h */ = {isa = PBXFileReference; fileEncoding = 4; lastKnownFileType = sourcecode.c.h; path = SDWebImageCompat.h; sourceTree = "<group>"; };
		E24920751D781C50009671EF /* SDWebImageCompat.m */ = {isa = PBXFileReference; fileEncoding = 4; lastKnownFileType = sourcecode.c.objc; path = SDWebImageCompat.m; sourceTree = "<group>"; };
		E24920761D781C50009671EF /* SDWebImageDecoder.h */ = {isa = PBXFileReference; fileEncoding = 4; lastKnownFileType = sourcecode.c.h; path = SDWebImageDecoder.h; sourceTree = "<group>"; };
		E24920771D781C50009671EF /* SDWebImageDecoder.m */ = {isa = PBXFileReference; fileEncoding = 4; lastKnownFileType = sourcecode.c.objc; path = SDWebImageDecoder.m; sourceTree = "<group>"; };
		E24920781D781C50009671EF /* SDWebImageDownloader.h */ = {isa = PBXFileReference; fileEncoding = 4; lastKnownFileType = sourcecode.c.h; path = SDWebImageDownloader.h; sourceTree = "<group>"; };
		E24920791D781C50009671EF /* SDWebImageDownloader.m */ = {isa = PBXFileReference; fileEncoding = 4; lastKnownFileType = sourcecode.c.objc; path = SDWebImageDownloader.m; sourceTree = "<group>"; };
		E249207A1D781C50009671EF /* SDWebImageDownloaderOperation.h */ = {isa = PBXFileReference; fileEncoding = 4; lastKnownFileType = sourcecode.c.h; path = SDWebImageDownloaderOperation.h; sourceTree = "<group>"; };
		E249207B1D781C50009671EF /* SDWebImageDownloaderOperation.m */ = {isa = PBXFileReference; fileEncoding = 4; lastKnownFileType = sourcecode.c.objc; path = SDWebImageDownloaderOperation.m; sourceTree = "<group>"; };
		E249207C1D781C50009671EF /* SDWebImageManager.h */ = {isa = PBXFileReference; fileEncoding = 4; lastKnownFileType = sourcecode.c.h; path = SDWebImageManager.h; sourceTree = "<group>"; };
		E249207D1D781C50009671EF /* SDWebImageManager.m */ = {isa = PBXFileReference; fileEncoding = 4; lastKnownFileType = sourcecode.c.objc; path = SDWebImageManager.m; sourceTree = "<group>"; };
		E249207E1D781C50009671EF /* SDWebImageOperation.h */ = {isa = PBXFileReference; fileEncoding = 4; lastKnownFileType = sourcecode.c.h; path = SDWebImageOperation.h; sourceTree = "<group>"; };
		E249207F1D781C50009671EF /* SDWebImagePrefetcher.h */ = {isa = PBXFileReference; fileEncoding = 4; lastKnownFileType = sourcecode.c.h; path = SDWebImagePrefetcher.h; sourceTree = "<group>"; };
		E24920801D781C50009671EF /* SDWebImagePrefetcher.m */ = {isa = PBXFileReference; fileEncoding = 4; lastKnownFileType = sourcecode.c.objc; path = SDWebImagePrefetcher.m; sourceTree = "<group>"; };
		E24920811D781C50009671EF /* UIButton+WebCache.h */ = {isa = PBXFileReference; fileEncoding = 4; lastKnownFileType = sourcecode.c.h; path = "UIButton+WebCache.h"; sourceTree = "<group>"; };
		E24920821D781C50009671EF /* UIButton+WebCache.m */ = {isa = PBXFileReference; fileEncoding = 4; lastKnownFileType = sourcecode.c.objc; path = "UIButton+WebCache.m"; sourceTree = "<group>"; };
		E24920831D781C50009671EF /* UIImage+GIF.h */ = {isa = PBXFileReference; fileEncoding = 4; lastKnownFileType = sourcecode.c.h; path = "UIImage+GIF.h"; sourceTree = "<group>"; };
		E24920841D781C50009671EF /* UIImage+GIF.m */ = {isa = PBXFileReference; fileEncoding = 4; lastKnownFileType = sourcecode.c.objc; path = "UIImage+GIF.m"; sourceTree = "<group>"; };
		E24920851D781C50009671EF /* UIImage+MultiFormat.h */ = {isa = PBXFileReference; fileEncoding = 4; lastKnownFileType = sourcecode.c.h; path = "UIImage+MultiFormat.h"; sourceTree = "<group>"; };
		E24920861D781C50009671EF /* UIImage+MultiFormat.m */ = {isa = PBXFileReference; fileEncoding = 4; lastKnownFileType = sourcecode.c.objc; path = "UIImage+MultiFormat.m"; sourceTree = "<group>"; };
		E24920871D781C50009671EF /* UIImage+WebP.h */ = {isa = PBXFileReference; fileEncoding = 4; lastKnownFileType = sourcecode.c.h; path = "UIImage+WebP.h"; sourceTree = "<group>"; };
		E24920881D781C50009671EF /* UIImage+WebP.m */ = {isa = PBXFileReference; fileEncoding = 4; lastKnownFileType = sourcecode.c.objc; path = "UIImage+WebP.m"; sourceTree = "<group>"; };
		E24920891D781C50009671EF /* UIImageView+HighlightedWebCache.h */ = {isa = PBXFileReference; fileEncoding = 4; lastKnownFileType = sourcecode.c.h; path = "UIImageView+HighlightedWebCache.h"; sourceTree = "<group>"; };
		E249208A1D781C50009671EF /* UIImageView+HighlightedWebCache.m */ = {isa = PBXFileReference; fileEncoding = 4; lastKnownFileType = sourcecode.c.objc; path = "UIImageView+HighlightedWebCache.m"; sourceTree = "<group>"; };
		E249208B1D781C50009671EF /* UIImageView+WebCache.h */ = {isa = PBXFileReference; fileEncoding = 4; lastKnownFileType = sourcecode.c.h; path = "UIImageView+WebCache.h"; sourceTree = "<group>"; };
		E249208C1D781C50009671EF /* UIImageView+WebCache.m */ = {isa = PBXFileReference; fileEncoding = 4; lastKnownFileType = sourcecode.c.objc; path = "UIImageView+WebCache.m"; sourceTree = "<group>"; };
		E249208D1D781C50009671EF /* UIView+WebCacheOperation.h */ = {isa = PBXFileReference; fileEncoding = 4; lastKnownFileType = sourcecode.c.h; path = "UIView+WebCacheOperation.h"; sourceTree = "<group>"; };
		E249208E1D781C50009671EF /* UIView+WebCacheOperation.m */ = {isa = PBXFileReference; fileEncoding = 4; lastKnownFileType = sourcecode.c.objc; path = "UIView+WebCacheOperation.m"; sourceTree = "<group>"; };
		E29207A01D77058D0054B800 /* MessageUI.framework */ = {isa = PBXFileReference; lastKnownFileType = wrapper.framework; name = MessageUI.framework; path = System/Library/Frameworks/MessageUI.framework; sourceTree = SDKROOT; };
		E299E7781DB20CE9001F0CC7 /* BTAdviceViewController.h */ = {isa = PBXFileReference; fileEncoding = 4; lastKnownFileType = sourcecode.c.h; path = BTAdviceViewController.h; sourceTree = "<group>"; };
		E299E7791DB20CE9001F0CC7 /* BTAdviceViewController.m */ = {isa = PBXFileReference; fileEncoding = 4; lastKnownFileType = sourcecode.c.objc; path = BTAdviceViewController.m; sourceTree = "<group>"; };
		E2E6295A1E90A88600A4ACA5 /* BTBookBrowserViewController.h */ = {isa = PBXFileReference; fileEncoding = 4; lastKnownFileType = sourcecode.c.h; path = BTBookBrowserViewController.h; sourceTree = "<group>"; };
		E2E6295B1E90A88600A4ACA5 /* BTBookBrowserViewController.m */ = {isa = PBXFileReference; fileEncoding = 4; lastKnownFileType = sourcecode.c.objc; path = BTBookBrowserViewController.m; sourceTree = "<group>"; };
		E2E62B801E90B9C300A4ACA5 /* CharDistribution.h */ = {isa = PBXFileReference; fileEncoding = 4; lastKnownFileType = sourcecode.c.h; path = CharDistribution.h; sourceTree = "<group>"; };
		E2E62B811E90B9C300A4ACA5 /* CharDistribution.mm */ = {isa = PBXFileReference; fileEncoding = 4; lastKnownFileType = sourcecode.cpp.objcpp; path = CharDistribution.mm; sourceTree = "<group>"; };
		E2E62B821E90B9C300A4ACA5 /* EUCKRFreq.tab */ = {isa = PBXFileReference; fileEncoding = 4; lastKnownFileType = text; path = EUCKRFreq.tab; sourceTree = "<group>"; };
		E2E62B831E90B9C300A4ACA5 /* EUCTWFreq.tab */ = {isa = PBXFileReference; fileEncoding = 4; lastKnownFileType = text; path = EUCTWFreq.tab; sourceTree = "<group>"; };
		E2E62B841E90B9C300A4ACA5 /* GB2312Freq.tab */ = {isa = PBXFileReference; fileEncoding = 4; lastKnownFileType = text; path = GB2312Freq.tab; sourceTree = "<group>"; };
		E2E62B851E90B9C300A4ACA5 /* JISFreq.tab */ = {isa = PBXFileReference; fileEncoding = 4; lastKnownFileType = text; path = JISFreq.tab; sourceTree = "<group>"; };
		E2E62B861E90B9C300A4ACA5 /* JpCntx.h */ = {isa = PBXFileReference; fileEncoding = 4; lastKnownFileType = sourcecode.c.h; path = JpCntx.h; sourceTree = "<group>"; };
		E2E62B871E90B9C300A4ACA5 /* JpCntx.mm */ = {isa = PBXFileReference; fileEncoding = 4; lastKnownFileType = sourcecode.cpp.objcpp; path = JpCntx.mm; sourceTree = "<group>"; };
		E2E62B891E90B9C300A4ACA5 /* LangArabicModel.mm */ = {isa = PBXFileReference; fileEncoding = 4; lastKnownFileType = sourcecode.cpp.objcpp; path = LangArabicModel.mm; sourceTree = "<group>"; };
		E2E62B8A1E90B9C300A4ACA5 /* LangBulgarianModel.mm */ = {isa = PBXFileReference; fileEncoding = 4; lastKnownFileType = sourcecode.cpp.objcpp; path = LangBulgarianModel.mm; sourceTree = "<group>"; };
		E2E62B8B1E90B9C300A4ACA5 /* LangDanishModel.mm */ = {isa = PBXFileReference; fileEncoding = 4; lastKnownFileType = sourcecode.cpp.objcpp; path = LangDanishModel.mm; sourceTree = "<group>"; };
		E2E62B8C1E90B9C300A4ACA5 /* LangEsperantoModel.mm */ = {isa = PBXFileReference; fileEncoding = 4; lastKnownFileType = sourcecode.cpp.objcpp; path = LangEsperantoModel.mm; sourceTree = "<group>"; };
		E2E62B8D1E90B9C300A4ACA5 /* LangFrenchModel.mm */ = {isa = PBXFileReference; fileEncoding = 4; lastKnownFileType = sourcecode.cpp.objcpp; path = LangFrenchModel.mm; sourceTree = "<group>"; };
		E2E62B8E1E90B9C300A4ACA5 /* LangGermanModel.mm */ = {isa = PBXFileReference; fileEncoding = 4; lastKnownFileType = sourcecode.cpp.objcpp; path = LangGermanModel.mm; sourceTree = "<group>"; };
		E2E62B8F1E90B9C300A4ACA5 /* LangGreekModel.mm */ = {isa = PBXFileReference; fileEncoding = 4; lastKnownFileType = sourcecode.cpp.objcpp; path = LangGreekModel.mm; sourceTree = "<group>"; };
		E2E62B901E90B9C300A4ACA5 /* LangHebrewModel.mm */ = {isa = PBXFileReference; fileEncoding = 4; lastKnownFileType = sourcecode.cpp.objcpp; path = LangHebrewModel.mm; sourceTree = "<group>"; };
		E2E62B911E90B9C300A4ACA5 /* LangHungarianModel.mm */ = {isa = PBXFileReference; fileEncoding = 4; lastKnownFileType = sourcecode.cpp.objcpp; path = LangHungarianModel.mm; sourceTree = "<group>"; };
		E2E62B921E90B9C300A4ACA5 /* LangRussianModel.mm */ = {isa = PBXFileReference; fileEncoding = 4; lastKnownFileType = sourcecode.cpp.objcpp; path = LangRussianModel.mm; sourceTree = "<group>"; };
		E2E62B931E90B9C300A4ACA5 /* LangSpanishModel.mm */ = {isa = PBXFileReference; fileEncoding = 4; lastKnownFileType = sourcecode.cpp.objcpp; path = LangSpanishModel.mm; sourceTree = "<group>"; };
		E2E62B941E90B9C300A4ACA5 /* LangThaiModel.mm */ = {isa = PBXFileReference; fileEncoding = 4; lastKnownFileType = sourcecode.cpp.objcpp; path = LangThaiModel.mm; sourceTree = "<group>"; };
		E2E62B951E90B9C300A4ACA5 /* LangTurkishModel.mm */ = {isa = PBXFileReference; fileEncoding = 4; lastKnownFileType = sourcecode.cpp.objcpp; path = LangTurkishModel.mm; sourceTree = "<group>"; };
		E2E62B961E90B9C300A4ACA5 /* LangVietnameseModel.mm */ = {isa = PBXFileReference; fileEncoding = 4; lastKnownFileType = sourcecode.cpp.objcpp; path = LangVietnameseModel.mm; sourceTree = "<group>"; };
		E2E62B971E90B9C300A4ACA5 /* nsBig5Prober.h */ = {isa = PBXFileReference; fileEncoding = 4; lastKnownFileType = sourcecode.c.h; path = nsBig5Prober.h; sourceTree = "<group>"; };
		E2E62B981E90B9C300A4ACA5 /* nsBig5Prober.mm */ = {isa = PBXFileReference; fileEncoding = 4; lastKnownFileType = sourcecode.cpp.objcpp; path = nsBig5Prober.mm; sourceTree = "<group>"; };
		E2E62B991E90B9C300A4ACA5 /* nsCharSetProber.h */ = {isa = PBXFileReference; fileEncoding = 4; lastKnownFileType = sourcecode.c.h; path = nsCharSetProber.h; sourceTree = "<group>"; };
		E2E62B9A1E90B9C300A4ACA5 /* nsCharSetProber.mm */ = {isa = PBXFileReference; fileEncoding = 4; lastKnownFileType = sourcecode.cpp.objcpp; path = nsCharSetProber.mm; sourceTree = "<group>"; };
		E2E62B9B1E90B9C300A4ACA5 /* nsCodingStateMachine.h */ = {isa = PBXFileReference; fileEncoding = 4; lastKnownFileType = sourcecode.c.h; path = nsCodingStateMachine.h; sourceTree = "<group>"; };
		E2E62B9C1E90B9C300A4ACA5 /* nscore.h */ = {isa = PBXFileReference; fileEncoding = 4; lastKnownFileType = sourcecode.c.h; path = nscore.h; sourceTree = "<group>"; };
		E2E62B9D1E90B9C300A4ACA5 /* nsEscCharsetProber.h */ = {isa = PBXFileReference; fileEncoding = 4; lastKnownFileType = sourcecode.c.h; path = nsEscCharsetProber.h; sourceTree = "<group>"; };
		E2E62B9E1E90B9C300A4ACA5 /* nsEscCharsetProber.mm */ = {isa = PBXFileReference; fileEncoding = 4; lastKnownFileType = sourcecode.cpp.objcpp; path = nsEscCharsetProber.mm; sourceTree = "<group>"; };
		E2E62B9F1E90B9C300A4ACA5 /* nsEscSM.mm */ = {isa = PBXFileReference; fileEncoding = 4; lastKnownFileType = sourcecode.cpp.objcpp; path = nsEscSM.mm; sourceTree = "<group>"; };
		E2E62BA01E90B9C300A4ACA5 /* nsEUCJPProber.h */ = {isa = PBXFileReference; fileEncoding = 4; lastKnownFileType = sourcecode.c.h; path = nsEUCJPProber.h; sourceTree = "<group>"; };
		E2E62BA11E90B9C300A4ACA5 /* nsEUCJPProber.mm */ = {isa = PBXFileReference; fileEncoding = 4; lastKnownFileType = sourcecode.cpp.objcpp; path = nsEUCJPProber.mm; sourceTree = "<group>"; };
		E2E62BA21E90B9C300A4ACA5 /* nsEUCKRProber.h */ = {isa = PBXFileReference; fileEncoding = 4; lastKnownFileType = sourcecode.c.h; path = nsEUCKRProber.h; sourceTree = "<group>"; };
		E2E62BA31E90B9C300A4ACA5 /* nsEUCKRProber.mm */ = {isa = PBXFileReference; fileEncoding = 4; lastKnownFileType = sourcecode.cpp.objcpp; path = nsEUCKRProber.mm; sourceTree = "<group>"; };
		E2E62BA41E90B9C300A4ACA5 /* nsEUCTWProber.h */ = {isa = PBXFileReference; fileEncoding = 4; lastKnownFileType = sourcecode.c.h; path = nsEUCTWProber.h; sourceTree = "<group>"; };
		E2E62BA51E90B9C300A4ACA5 /* nsEUCTWProber.mm */ = {isa = PBXFileReference; fileEncoding = 4; lastKnownFileType = sourcecode.cpp.objcpp; path = nsEUCTWProber.mm; sourceTree = "<group>"; };
		E2E62BA61E90B9C300A4ACA5 /* nsGB2312Prober.h */ = {isa = PBXFileReference; fileEncoding = 4; lastKnownFileType = sourcecode.c.h; path = nsGB2312Prober.h; sourceTree = "<group>"; };
		E2E62BA71E90B9C300A4ACA5 /* nsGB2312Prober.mm */ = {isa = PBXFileReference; fileEncoding = 4; lastKnownFileType = sourcecode.cpp.objcpp; path = nsGB2312Prober.mm; sourceTree = "<group>"; };
		E2E62BA81E90B9C300A4ACA5 /* nsHebrewProber.h */ = {isa = PBXFileReference; fileEncoding = 4; lastKnownFileType = sourcecode.c.h; path = nsHebrewProber.h; sourceTree = "<group>"; };
		E2E62BA91E90B9C300A4ACA5 /* nsHebrewProber.mm */ = {isa = PBXFileReference; fileEncoding = 4; lastKnownFileType = sourcecode.cpp.objcpp; path = nsHebrewProber.mm; sourceTree = "<group>"; };
		E2E62BAA1E90B9C300A4ACA5 /* nsLatin1Prober.h */ = {isa = PBXFileReference; fileEncoding = 4; lastKnownFileType = sourcecode.c.h; path = nsLatin1Prober.h; sourceTree = "<group>"; };
		E2E62BAB1E90B9C300A4ACA5 /* nsLatin1Prober.mm */ = {isa = PBXFileReference; fileEncoding = 4; lastKnownFileType = sourcecode.cpp.objcpp; path = nsLatin1Prober.mm; sourceTree = "<group>"; };
		E2E62BAC1E90B9C300A4ACA5 /* nsMBCSGroupProber.h */ = {isa = PBXFileReference; fileEncoding = 4; lastKnownFileType = sourcecode.c.h; path = nsMBCSGroupProber.h; sourceTree = "<group>"; };
		E2E62BAD1E90B9C300A4ACA5 /* nsMBCSGroupProber.mm */ = {isa = PBXFileReference; fileEncoding = 4; lastKnownFileType = sourcecode.cpp.objcpp; path = nsMBCSGroupProber.mm; sourceTree = "<group>"; };
		E2E62BAE1E90B9C300A4ACA5 /* nsMBCSSM.mm */ = {isa = PBXFileReference; fileEncoding = 4; lastKnownFileType = sourcecode.cpp.objcpp; path = nsMBCSSM.mm; sourceTree = "<group>"; };
		E2E62BAF1E90B9C300A4ACA5 /* nsPkgInt.h */ = {isa = PBXFileReference; fileEncoding = 4; lastKnownFileType = sourcecode.c.h; path = nsPkgInt.h; sourceTree = "<group>"; };
		E2E62BB01E90B9C300A4ACA5 /* nsSBCharSetProber.h */ = {isa = PBXFileReference; fileEncoding = 4; lastKnownFileType = sourcecode.c.h; path = nsSBCharSetProber.h; sourceTree = "<group>"; };
		E2E62BB11E90B9C300A4ACA5 /* nsSBCharSetProber.mm */ = {isa = PBXFileReference; fileEncoding = 4; lastKnownFileType = sourcecode.cpp.objcpp; path = nsSBCharSetProber.mm; sourceTree = "<group>"; };
		E2E62BB21E90B9C300A4ACA5 /* nsSBCSGroupProber.h */ = {isa = PBXFileReference; fileEncoding = 4; lastKnownFileType = sourcecode.c.h; path = nsSBCSGroupProber.h; sourceTree = "<group>"; };
		E2E62BB31E90B9C300A4ACA5 /* nsSBCSGroupProber.mm */ = {isa = PBXFileReference; fileEncoding = 4; lastKnownFileType = sourcecode.cpp.objcpp; path = nsSBCSGroupProber.mm; sourceTree = "<group>"; };
		E2E62BB41E90B9C300A4ACA5 /* nsSJISProber.h */ = {isa = PBXFileReference; fileEncoding = 4; lastKnownFileType = sourcecode.c.h; path = nsSJISProber.h; sourceTree = "<group>"; };
		E2E62BB51E90B9C300A4ACA5 /* nsSJISProber.mm */ = {isa = PBXFileReference; fileEncoding = 4; lastKnownFileType = sourcecode.cpp.objcpp; path = nsSJISProber.mm; sourceTree = "<group>"; };
		E2E62BB61E90B9C300A4ACA5 /* nsUniversalDetector.h */ = {isa = PBXFileReference; fileEncoding = 4; lastKnownFileType = sourcecode.c.h; path = nsUniversalDetector.h; sourceTree = "<group>"; };
		E2E62BB71E90B9C300A4ACA5 /* nsUniversalDetector.mm */ = {isa = PBXFileReference; fileEncoding = 4; lastKnownFileType = sourcecode.cpp.objcpp; path = nsUniversalDetector.mm; sourceTree = "<group>"; };
		E2E62BB81E90B9C300A4ACA5 /* nsUTF8Prober.h */ = {isa = PBXFileReference; fileEncoding = 4; lastKnownFileType = sourcecode.c.h; path = nsUTF8Prober.h; sourceTree = "<group>"; };
		E2E62BB91E90B9C300A4ACA5 /* nsUTF8Prober.mm */ = {isa = PBXFileReference; fileEncoding = 4; lastKnownFileType = sourcecode.cpp.objcpp; path = nsUTF8Prober.mm; sourceTree = "<group>"; };
		E2E62BBA1E90B9C300A4ACA5 /* prmem.h */ = {isa = PBXFileReference; fileEncoding = 4; lastKnownFileType = sourcecode.c.h; path = prmem.h; sourceTree = "<group>"; };
		E2E62BBC1E90B9C300A4ACA5 /* uchardet.h */ = {isa = PBXFileReference; fileEncoding = 4; lastKnownFileType = sourcecode.c.h; path = uchardet.h; sourceTree = "<group>"; };
		E2E62BBD1E90B9C300A4ACA5 /* uchardet.mm */ = {isa = PBXFileReference; fileEncoding = 4; lastKnownFileType = sourcecode.cpp.objcpp; path = uchardet.mm; sourceTree = "<group>"; };
		E2E62BE41E90B9FE00A4ACA5 /* Big5Freq.tab */ = {isa = PBXFileReference; fileEncoding = 4; lastKnownFileType = text; path = Big5Freq.tab; sourceTree = "<group>"; };
		E2E62C791E91466B00A4ACA5 /* NSString+BTOverRange.h */ = {isa = PBXFileReference; fileEncoding = 4; lastKnownFileType = sourcecode.c.h; path = "NSString+BTOverRange.h"; sourceTree = "<group>"; };
		E2E62C7A1E91466B00A4ACA5 /* NSString+BTOverRange.m */ = {isa = PBXFileReference; fileEncoding = 4; lastKnownFileType = sourcecode.c.objc; path = "NSString+BTOverRange.m"; sourceTree = "<group>"; };
/* End PBXFileReference section */

/* Begin PBXFrameworksBuildPhase section */
		E22B8C1C1D71812900A9976F /* Frameworks */ = {
			isa = PBXFrameworksBuildPhase;
			buildActionMask = 2147483647;
			files = (
				E23D41D31E98C7C40064A0CD /* CoreData.framework in Frameworks */,
				E249206C1D77D979009671EF /* QuickLook.framework in Frameworks */,
				E29207A11D77058D0054B800 /* MessageUI.framework in Frameworks */,
				4A6A2A7DC340921075D37383 /* libPods.a in Frameworks */,
			);
			runOnlyForDeploymentPostprocessing = 0;
		};
/* End PBXFrameworksBuildPhase section */

/* Begin PBXGroup section */
		22EDE8438EF9C5A9E6195CA4 /* Pods */ = {
			isa = PBXGroup;
			children = (
				4C0EF943891CF2231A5BE3D8 /* Pods.debug.xcconfig */,
				4B58FAF8997860304B2587B2 /* Pods.release.xcconfig */,
			);
			name = Pods;
			sourceTree = "<group>";
		};
		A828F359986463249E5E97A1 /* Frameworks */ = {
			isa = PBXGroup;
			children = (
				E23D41D21E98C7C40064A0CD /* CoreData.framework */,
				E249206B1D77D979009671EF /* QuickLook.framework */,
				E29207A01D77058D0054B800 /* MessageUI.framework */,
				4CA0377E3F1A799826DCC340 /* libPods.a */,
			);
			name = Frameworks;
			sourceTree = "<group>";
		};
		E21058571DADFD8A00D2E159 /* OptimizationProfiles */ = {
			isa = PBXGroup;
			children = (
				E21058581DADFD8A00D2E159 /* Binder.profdata */,
			);
			path = OptimizationProfiles;
			sourceTree = "<group>";
		};
		E22B8C161D71812900A9976F = {
			isa = PBXGroup;
			children = (
				E22B8C211D71812A00A9976F /* Binder */,
				E22B8C201D71812A00A9976F /* Products */,
				22EDE8438EF9C5A9E6195CA4 /* Pods */,
				A828F359986463249E5E97A1 /* Frameworks */,
				E21058571DADFD8A00D2E159 /* OptimizationProfiles */,
			);
			sourceTree = "<group>";
		};
		E22B8C201D71812A00A9976F /* Products */ = {
			isa = PBXGroup;
			children = (
				E22B8C1F1D71812A00A9976F /* Binder.app */,
			);
			name = Products;
			sourceTree = "<group>";
		};
		E22B8C211D71812A00A9976F /* Binder */ = {
			isa = PBXGroup;
			children = (
				E22B8C391D7182AB00A9976F /* Classes */,
				E22B8C2E1D71812A00A9976F /* Assets.xcassets */,
				E22B8C221D71812A00A9976F /* Supporting Files */,
			);
			path = Binder;
			sourceTree = "<group>";
		};
		E22B8C221D71812A00A9976F /* Supporting Files */ = {
			isa = PBXGroup;
			children = (
				E22B8C331D71812A00A9976F /* Info.plist */,
				E22B8C231D71812A00A9976F /* main.m */,
				E229FB1D1DA384EF00574EAD /* guide.txt */,
				E21773161DA3DC48002FA783 /* BookTag.plist */,
			);
			name = "Supporting Files";
			sourceTree = "<group>";
		};
		E22B8C391D7182AB00A9976F /* Classes */ = {
			isa = PBXGroup;
			children = (
				E22B8C4B1D7182AB00A9976F /* Others */,
				E22B8C3A1D7182AB00A9976F /* Main */,
			);
			path = Classes;
			sourceTree = "<group>";
		};
		E22B8C3A1D7182AB00A9976F /* Main */ = {
			isa = PBXGroup;
			children = (
				E22B8C4F1D7186FA00A9976F /* Controller */,
				E22B8C511D7186FA00A9976F /* View */,
				E22B8C501D7186FA00A9976F /* Model */,
				E22B8C3B1D7182AB00A9976F /* Profile(我) */,
				E22B8C3F1D7182AB00A9976F /* KindleAssistant(主页) */,
				E22B8C431D7182AB00A9976F /* KindleLibrary(书库) */,
				E2E629561E90A67700A4ACA5 /* BookBrowser(书籍浏览器) */,
			);
			path = Main;
			sourceTree = "<group>";
		};
		E22B8C3B1D7182AB00A9976F /* Profile(我) */ = {
			isa = PBXGroup;
			children = (
				E22B8C3C1D7182AB00A9976F /* Controller */,
				E22B8C3D1D7182AB00A9976F /* Model */,
				E22B8C3E1D7182AB00A9976F /* View */,
			);
			name = "Profile(我)";
			path = Profile;
			sourceTree = "<group>";
		};
		E22B8C3C1D7182AB00A9976F /* Controller */ = {
			isa = PBXGroup;
			children = (
				E247A3741D921CEE0098B62E /* BTProfileViewController.h */,
				E247A3751D921CEE0098B62E /* BTProfileViewController.m */,
				E299E7781DB20CE9001F0CC7 /* BTAdviceViewController.h */,
				E299E7791DB20CE9001F0CC7 /* BTAdviceViewController.m */,
			);
			path = Controller;
			sourceTree = "<group>";
		};
		E22B8C3D1D7182AB00A9976F /* Model */ = {
			isa = PBXGroup;
			children = (
			);
			path = Model;
			sourceTree = "<group>";
		};
		E22B8C3E1D7182AB00A9976F /* View */ = {
			isa = PBXGroup;
			children = (
			);
			path = View;
			sourceTree = "<group>";
		};
		E22B8C3F1D7182AB00A9976F /* KindleAssistant(主页) */ = {
			isa = PBXGroup;
			children = (
				E22B8C401D7182AB00A9976F /* Controller */,
				E22B8C411D7182AB00A9976F /* Model */,
				E22B8C421D7182AB00A9976F /* View */,
			);
			name = "KindleAssistant(主页)";
			path = KindleAssistant;
			sourceTree = "<group>";
		};
		E22B8C401D7182AB00A9976F /* Controller */ = {
			isa = PBXGroup;
			children = (
				E22B0BB31D96A8F900D51E4B /* BTKindleAssistantFatherViewController.h */,
				E22B0BB41D96A8F900D51E4B /* BTKindleAssistantFatherViewController.m */,
				E22B8C4C1D71843A00A9976F /* BTKindleAssistantViewController.h */,
				E22B8C4D1D71843A00A9976F /* BTKindleAssistantViewController.m */,
				E247133E1D7AD2640064BF6D /* BTSearchViewController.h */,
				E247133F1D7AD2640064BF6D /* BTSearchViewController.m */,
				E247A3711D9021C70098B62E /* BTSearchHistoryViewController.h */,
				E247A3721D9021C70098B62E /* BTSearchHistoryViewController.m */,
				E247A3571D8B8AFB0098B62E /* BTBaseWebViewController.h */,
				E247A3581D8B8AFB0098B62E /* BTBaseWebViewController.m */,
			);
			path = Controller;
			sourceTree = "<group>";
		};
		E22B8C411D7182AB00A9976F /* Model */ = {
			isa = PBXGroup;
			children = (
				E22B8C5C1D72A48800A9976F /* BTBook.h */,
				E22B8C5D1D72A48800A9976F /* BTBook.m */,
			);
			path = Model;
			sourceTree = "<group>";
		};
		E22B8C421D7182AB00A9976F /* View */ = {
			isa = PBXGroup;
			children = (
				E227393A1D732AB4006D3D34 /* BTKindleBookCell.h */,
				E227393B1D732AB4006D3D34 /* BTKindleBookCell.m */,
				E22B0BAD1D93F6BB00D51E4B /* BTBookDetailView.h */,
				E22B0BAE1D93F6BB00D51E4B /* BTBookDetailView.m */,
				E22B0BB61D97AE1300D51E4B /* BTSearchHistoryCell.h */,
				E22B0BB71D97AE1300D51E4B /* BTSearchHistoryCell.m */,
				E21A5B801DABD32500AE96EC /* BTOpenDownloadedBookActionSheet.h */,
				E21A5B811DABD32500AE96EC /* BTOpenDownloadedBookActionSheet.m */,
			);
			path = View;
			sourceTree = "<group>";
		};
		E22B8C431D7182AB00A9976F /* KindleLibrary(书库) */ = {
			isa = PBXGroup;
			children = (
				E22B8C441D7182AB00A9976F /* Controller */,
				E22B8C451D7182AB00A9976F /* Model */,
				E22B8C461D7182AB00A9976F /* View */,
			);
			name = "KindleLibrary(书库)";
			path = KindleLibrary;
			sourceTree = "<group>";
		};
		E22B8C441D7182AB00A9976F /* Controller */ = {
			isa = PBXGroup;
			children = (
				E229FB1F1DA387E500574EAD /* BTBookLibraryViewController.h */,
				E229FB201DA387E500574EAD /* BTBookLibraryViewController.m */,
				E217731B1DA48E0A002FA783 /* BTBookTagViewController.h */,
				E217731C1DA48E0A002FA783 /* BTBookTagViewController.m */,
			);
			path = Controller;
			sourceTree = "<group>";
		};
		E22B8C451D7182AB00A9976F /* Model */ = {
			isa = PBXGroup;
			children = (
			);
			path = Model;
			sourceTree = "<group>";
		};
		E22B8C461D7182AB00A9976F /* View */ = {
			isa = PBXGroup;
			children = (
			);
			path = View;
			sourceTree = "<group>";
		};
		E22B8C4B1D7182AB00A9976F /* Others */ = {
			isa = PBXGroup;
			children = (
				E231A7801DAA6B140011B03A /* Podfile */,
				E22B8C251D71812A00A9976F /* AppDelegate.h */,
				E22B8C261D71812A00A9976F /* AppDelegate.m */,
				E24713181D7A632D0064BF6D /* PrefixHeader.pch */,
				E22B8C581D7194B600A9976F /* Lib */,
			);
			path = Others;
			sourceTree = "<group>";
		};
		E22B8C4F1D7186FA00A9976F /* Controller */ = {
			isa = PBXGroup;
			children = (
				E247A3661D8CDEC50098B62E /* BTSignInViewController.h */,
				E247A3671D8CDEC50098B62E /* BTSignInViewController.m */,
				E247A3691D8CDED30098B62E /* BTSignUpViewController.h */,
				E247A36A1D8CDED30098B62E /* BTSignUpViewController.m */,
				E247A36E1D8E6B870098B62E /* BTVerifyEmailViewController.h */,
				E247A36F1D8E6B870098B62E /* BTVerifyEmailViewController.m */,
				E21A5B7D1DAB5D8900AE96EC /* BTChangePasswordViewController.h */,
				E21A5B7E1DAB5D8900AE96EC /* BTChangePasswordViewController.m */,
				E247A36C1D8D227C0098B62E /* BTSignInAndUpStoryboard.storyboard */,
			);
			path = Controller;
			sourceTree = "<group>";
		};
		E22B8C501D7186FA00A9976F /* Model */ = {
			isa = PBXGroup;
			children = (
			);
			path = Model;
			sourceTree = "<group>";
		};
		E22B8C511D7186FA00A9976F /* View */ = {
			isa = PBXGroup;
			children = (
				E231A7821DAA8EB80011B03A /* MJChiBaoZiHeader.h */,
				E231A7831DAA8EB80011B03A /* MJChiBaoZiHeader.m */,
			);
			path = View;
			sourceTree = "<group>";
		};
		E22B8C581D7194B600A9976F /* Lib */ = {
			isa = PBXGroup;
			children = (
				E2E629C81E90B7B800A4ACA5 /* uchardet */,
				E247A35D1D8CD0C90098B62E /* MBProgressHUD */,
				E24713411D7B1DF20064BF6D /* ASProgressPopUpView */,
				E247131E1D7ABD510064BF6D /* PinYin */,
				E249206D1D781C50009671EF /* SDWebImage */,
				E22B8C591D7194E700A9976F /* UIView+extension.h */,
				E22B8C5A1D7194E700A9976F /* UIView+extension.m */,
				E24713481D7B23960064BF6D /* LYProgressView.h */,
				E24713491D7B23960064BF6D /* LYProgressView.m */,
				E2E62C791E91466B00A4ACA5 /* NSString+BTOverRange.h */,
				E2E62C7A1E91466B00A4ACA5 /* NSString+BTOverRange.m */,
			);
			path = Lib;
			sourceTree = "<group>";
		};
		E247131E1D7ABD510064BF6D /* PinYin */ = {
			isa = PBXGroup;
			children = (
				E247131F1D7ABD510064BF6D /* ChineseInclude.h */,
				E24713201D7ABD510064BF6D /* ChineseInclude.m */,
				E24713211D7ABD510064BF6D /* ChineseToPinyinResource.h */,
				E24713221D7ABD510064BF6D /* ChineseToPinyinResource.m */,
				E24713231D7ABD510064BF6D /* HanyuPinyinOutputFormat.h */,
				E24713241D7ABD510064BF6D /* HanyuPinyinOutputFormat.m */,
				E24713251D7ABD510064BF6D /* NSString+PinYin4Cocoa.h */,
				E24713261D7ABD510064BF6D /* NSString+PinYin4Cocoa.m */,
				E24713271D7ABD510064BF6D /* PinyinFormatter.h */,
				E24713281D7ABD510064BF6D /* PinyinFormatter.m */,
				E24713291D7ABD510064BF6D /* PinYinForObjc.h */,
				E247132A1D7ABD510064BF6D /* PinYinForObjc.m */,
				E247132B1D7ABD510064BF6D /* PinyinHelper.h */,
				E247132C1D7ABD510064BF6D /* PinyinHelper.m */,
				E247132D1D7ABD510064BF6D /* unicode_to_hanyu_pinyin.txt */,
			);
			path = PinYin;
			sourceTree = "<group>";
		};
		E24713411D7B1DF20064BF6D /* ASProgressPopUpView */ = {
			isa = PBXGroup;
			children = (
				E24713421D7B1DF20064BF6D /* ASPopUpView.h */,
				E24713431D7B1DF20064BF6D /* ASPopUpView.m */,
				E24713441D7B1DF20064BF6D /* ASProgressPopUpView.h */,
				E24713451D7B1DF20064BF6D /* ASProgressPopUpView.m */,
			);
			path = ASProgressPopUpView;
			sourceTree = "<group>";
		};
		E247A35D1D8CD0C90098B62E /* MBProgressHUD */ = {
			isa = PBXGroup;
			children = (
				E247A35E1D8CD0C90098B62E /* MBProgressHUD+MJ.h */,
				E247A35F1D8CD0C90098B62E /* MBProgressHUD+MJ.m */,
				E247A3601D8CD0C90098B62E /* MBProgressHUD.bundle */,
				E247A3611D8CD0C90098B62E /* MBProgressHUD.h */,
				E247A3621D8CD0C90098B62E /* MBProgressHUD.m */,
			);
			path = MBProgressHUD;
			sourceTree = "<group>";
		};
		E249206D1D781C50009671EF /* SDWebImage */ = {
			isa = PBXGroup;
			children = (
				E249206E1D781C50009671EF /* MKAnnotationView+WebCache.h */,
				E249206F1D781C50009671EF /* MKAnnotationView+WebCache.m */,
				E24920701D781C50009671EF /* NSData+ImageContentType.h */,
				E24920711D781C50009671EF /* NSData+ImageContentType.m */,
				E24920721D781C50009671EF /* SDImageCache.h */,
				E24920731D781C50009671EF /* SDImageCache.m */,
				E24920741D781C50009671EF /* SDWebImageCompat.h */,
				E24920751D781C50009671EF /* SDWebImageCompat.m */,
				E24920761D781C50009671EF /* SDWebImageDecoder.h */,
				E24920771D781C50009671EF /* SDWebImageDecoder.m */,
				E24920781D781C50009671EF /* SDWebImageDownloader.h */,
				E24920791D781C50009671EF /* SDWebImageDownloader.m */,
				E249207A1D781C50009671EF /* SDWebImageDownloaderOperation.h */,
				E249207B1D781C50009671EF /* SDWebImageDownloaderOperation.m */,
				E249207C1D781C50009671EF /* SDWebImageManager.h */,
				E249207D1D781C50009671EF /* SDWebImageManager.m */,
				E249207E1D781C50009671EF /* SDWebImageOperation.h */,
				E249207F1D781C50009671EF /* SDWebImagePrefetcher.h */,
				E24920801D781C50009671EF /* SDWebImagePrefetcher.m */,
				E24920811D781C50009671EF /* UIButton+WebCache.h */,
				E24920821D781C50009671EF /* UIButton+WebCache.m */,
				E24920831D781C50009671EF /* UIImage+GIF.h */,
				E24920841D781C50009671EF /* UIImage+GIF.m */,
				E24920851D781C50009671EF /* UIImage+MultiFormat.h */,
				E24920861D781C50009671EF /* UIImage+MultiFormat.m */,
				E24920871D781C50009671EF /* UIImage+WebP.h */,
				E24920881D781C50009671EF /* UIImage+WebP.m */,
				E24920891D781C50009671EF /* UIImageView+HighlightedWebCache.h */,
				E249208A1D781C50009671EF /* UIImageView+HighlightedWebCache.m */,
				E249208B1D781C50009671EF /* UIImageView+WebCache.h */,
				E249208C1D781C50009671EF /* UIImageView+WebCache.m */,
				E249208D1D781C50009671EF /* UIView+WebCacheOperation.h */,
				E249208E1D781C50009671EF /* UIView+WebCacheOperation.m */,
			);
			path = SDWebImage;
			sourceTree = "<group>";
		};
		E2E629561E90A67700A4ACA5 /* BookBrowser(书籍浏览器) */ = {
			isa = PBXGroup;
			children = (
				E2E629571E90A76500A4ACA5 /* Controller */,
				E2E629581E90A76500A4ACA5 /* Model */,
				E2E629591E90A76500A4ACA5 /* View */,
				E23D41CF1E98C5730064A0CD /* bookBrowser.xcdatamodeld */,
			);
			name = "BookBrowser(书籍浏览器)";
			path = BookBrowser;
			sourceTree = "<group>";
		};
		E2E629571E90A76500A4ACA5 /* Controller */ = {
			isa = PBXGroup;
			children = (
				E2E6295A1E90A88600A4ACA5 /* BTBookBrowserViewController.h */,
				E2E6295B1E90A88600A4ACA5 /* BTBookBrowserViewController.m */,
			);
			path = Controller;
			sourceTree = "<group>";
		};
		E2E629581E90A76500A4ACA5 /* Model */ = {
			isa = PBXGroup;
			children = (
				E23D42021E98E4D30064A0CD /* BookBrowser+CoreDataProperties.h */,
				E23D42031E98E4D30064A0CD /* BookBrowser+CoreDataProperties.m */,
				E23D42041E98E4D30064A0CD /* BookBrowser.h */,
				E23D42051E98E4D30064A0CD /* BookBrowser.m */,
				E23D42001E98E4D30064A0CD /* Chapter.h */,
				E23D42011E98E4D30064A0CD /* Chapter.m */,
				E23D420A1E98F5830064A0CD /* BTBookBrowserTool.h */,
				E23D420B1E98F5830064A0CD /* BTBookBrowserTool.m */,
			);
			path = Model;
			sourceTree = "<group>";
		};
		E2E629591E90A76500A4ACA5 /* View */ = {
			isa = PBXGroup;
			children = (
			);
			path = View;
			sourceTree = "<group>";
		};
		E2E629C81E90B7B800A4ACA5 /* uchardet */ = {
			isa = PBXGroup;
			children = (
				E2E62B7F1E90B9C300A4ACA5 /* src */,
			);
			path = uchardet;
			sourceTree = "<group>";
		};
		E2E62B7F1E90B9C300A4ACA5 /* src */ = {
			isa = PBXGroup;
			children = (
				E2E62BE41E90B9FE00A4ACA5 /* Big5Freq.tab */,
				E2E62B821E90B9C300A4ACA5 /* EUCKRFreq.tab */,
				E2E62B831E90B9C300A4ACA5 /* EUCTWFreq.tab */,
				E2E62B841E90B9C300A4ACA5 /* GB2312Freq.tab */,
				E2E62B851E90B9C300A4ACA5 /* JISFreq.tab */,
				E2E62B801E90B9C300A4ACA5 /* CharDistribution.h */,
				E2E62B811E90B9C300A4ACA5 /* CharDistribution.mm */,
				E2E62B861E90B9C300A4ACA5 /* JpCntx.h */,
				E2E62B871E90B9C300A4ACA5 /* JpCntx.mm */,
				E2E62B881E90B9C300A4ACA5 /* LangModels */,
				E2E62B971E90B9C300A4ACA5 /* nsBig5Prober.h */,
				E2E62B981E90B9C300A4ACA5 /* nsBig5Prober.mm */,
				E2E62B991E90B9C300A4ACA5 /* nsCharSetProber.h */,
				E2E62B9A1E90B9C300A4ACA5 /* nsCharSetProber.mm */,
				E2E62B9B1E90B9C300A4ACA5 /* nsCodingStateMachine.h */,
				E2E62B9C1E90B9C300A4ACA5 /* nscore.h */,
				E2E62B9D1E90B9C300A4ACA5 /* nsEscCharsetProber.h */,
				E2E62B9E1E90B9C300A4ACA5 /* nsEscCharsetProber.mm */,
				E2E62B9F1E90B9C300A4ACA5 /* nsEscSM.mm */,
				E2E62BA01E90B9C300A4ACA5 /* nsEUCJPProber.h */,
				E2E62BA11E90B9C300A4ACA5 /* nsEUCJPProber.mm */,
				E2E62BA21E90B9C300A4ACA5 /* nsEUCKRProber.h */,
				E2E62BA31E90B9C300A4ACA5 /* nsEUCKRProber.mm */,
				E2E62BA41E90B9C300A4ACA5 /* nsEUCTWProber.h */,
				E2E62BA51E90B9C300A4ACA5 /* nsEUCTWProber.mm */,
				E2E62BA61E90B9C300A4ACA5 /* nsGB2312Prober.h */,
				E2E62BA71E90B9C300A4ACA5 /* nsGB2312Prober.mm */,
				E2E62BA81E90B9C300A4ACA5 /* nsHebrewProber.h */,
				E2E62BA91E90B9C300A4ACA5 /* nsHebrewProber.mm */,
				E2E62BAA1E90B9C300A4ACA5 /* nsLatin1Prober.h */,
				E2E62BAB1E90B9C300A4ACA5 /* nsLatin1Prober.mm */,
				E2E62BAC1E90B9C300A4ACA5 /* nsMBCSGroupProber.h */,
				E2E62BAD1E90B9C300A4ACA5 /* nsMBCSGroupProber.mm */,
				E2E62BAE1E90B9C300A4ACA5 /* nsMBCSSM.mm */,
				E2E62BAF1E90B9C300A4ACA5 /* nsPkgInt.h */,
				E2E62BB01E90B9C300A4ACA5 /* nsSBCharSetProber.h */,
				E2E62BB11E90B9C300A4ACA5 /* nsSBCharSetProber.mm */,
				E2E62BB21E90B9C300A4ACA5 /* nsSBCSGroupProber.h */,
				E2E62BB31E90B9C300A4ACA5 /* nsSBCSGroupProber.mm */,
				E2E62BB41E90B9C300A4ACA5 /* nsSJISProber.h */,
				E2E62BB51E90B9C300A4ACA5 /* nsSJISProber.mm */,
				E2E62BB61E90B9C300A4ACA5 /* nsUniversalDetector.h */,
				E2E62BB71E90B9C300A4ACA5 /* nsUniversalDetector.mm */,
				E2E62BB81E90B9C300A4ACA5 /* nsUTF8Prober.h */,
				E2E62BB91E90B9C300A4ACA5 /* nsUTF8Prober.mm */,
				E2E62BBA1E90B9C300A4ACA5 /* prmem.h */,
				E2E62BBB1E90B9C300A4ACA5 /* tools */,
				E2E62BBC1E90B9C300A4ACA5 /* uchardet.h */,
				E2E62BBD1E90B9C300A4ACA5 /* uchardet.mm */,
			);
			path = src;
			sourceTree = "<group>";
		};
		E2E62B881E90B9C300A4ACA5 /* LangModels */ = {
			isa = PBXGroup;
			children = (
				E2E62B891E90B9C300A4ACA5 /* LangArabicModel.mm */,
				E2E62B8A1E90B9C300A4ACA5 /* LangBulgarianModel.mm */,
				E2E62B8B1E90B9C300A4ACA5 /* LangDanishModel.mm */,
				E2E62B8C1E90B9C300A4ACA5 /* LangEsperantoModel.mm */,
				E2E62B8D1E90B9C300A4ACA5 /* LangFrenchModel.mm */,
				E2E62B8E1E90B9C300A4ACA5 /* LangGermanModel.mm */,
				E2E62B8F1E90B9C300A4ACA5 /* LangGreekModel.mm */,
				E2E62B901E90B9C300A4ACA5 /* LangHebrewModel.mm */,
				E2E62B911E90B9C300A4ACA5 /* LangHungarianModel.mm */,
				E2E62B921E90B9C300A4ACA5 /* LangRussianModel.mm */,
				E2E62B931E90B9C300A4ACA5 /* LangSpanishModel.mm */,
				E2E62B941E90B9C300A4ACA5 /* LangThaiModel.mm */,
				E2E62B951E90B9C300A4ACA5 /* LangTurkishModel.mm */,
				E2E62B961E90B9C300A4ACA5 /* LangVietnameseModel.mm */,
			);
			path = LangModels;
			sourceTree = "<group>";
		};
		E2E62BBB1E90B9C300A4ACA5 /* tools */ = {
			isa = PBXGroup;
			children = (
			);
			path = tools;
			sourceTree = "<group>";
		};
/* End PBXGroup section */

/* Begin PBXNativeTarget section */
		E22B8C1E1D71812900A9976F /* Binder */ = {
			isa = PBXNativeTarget;
			buildConfigurationList = E22B8C361D71812A00A9976F /* Build configuration list for PBXNativeTarget "Binder" */;
			buildPhases = (
				886BAD908DA24D35AF9E1435 /* Check Pods Manifest.lock */,
				E22B8C1B1D71812900A9976F /* Sources */,
				E22B8C1C1D71812900A9976F /* Frameworks */,
				E22B8C1D1D71812900A9976F /* Resources */,
				D494B9E9D14D5E6FBEC7DEE8 /* Embed Pods Frameworks */,
				7BDF2D231CD121BF94779C20 /* Copy Pods Resources */,
			);
			buildRules = (
			);
			dependencies = (
			);
			name = Binder;
			productName = Bullet;
			productReference = E22B8C1F1D71812A00A9976F /* Binder.app */;
			productType = "com.apple.product-type.application";
		};
/* End PBXNativeTarget section */

/* Begin PBXProject section */
		E22B8C171D71812900A9976F /* Project object */ = {
			isa = PBXProject;
			attributes = {
				CLASSPREFIX = BT;
				LastUpgradeCheck = 0730;
				ORGANIZATIONNAME = com.developer.jaccob;
				TargetAttributes = {
					E22B8C1E1D71812900A9976F = {
						CreatedOnToolsVersion = 7.3.1;
						DevelopmentTeam = 558BYD3F79;
					};
				};
			};
			buildConfigurationList = E22B8C1A1D71812900A9976F /* Build configuration list for PBXProject "Binder" */;
			compatibilityVersion = "Xcode 3.2";
			developmentRegion = English;
			hasScannedForEncodings = 0;
			knownRegions = (
				en,
				Base,
			);
			mainGroup = E22B8C161D71812900A9976F;
			productRefGroup = E22B8C201D71812A00A9976F /* Products */;
			projectDirPath = "";
			projectRoot = "";
			targets = (
				E22B8C1E1D71812900A9976F /* Binder */,
			);
		};
/* End PBXProject section */

/* Begin PBXResourcesBuildPhase section */
		E22B8C1D1D71812900A9976F /* Resources */ = {
			isa = PBXResourcesBuildPhase;
			buildActionMask = 2147483647;
			files = (
				E2E62BC11E90B9C300A4ACA5 /* GB2312Freq.tab in Resources */,
				E21773171DA3DC48002FA783 /* BookTag.plist in Resources */,
				E24713381D7ABD510064BF6D /* unicode_to_hanyu_pinyin.txt in Resources */,
				E2E62BBF1E90B9C300A4ACA5 /* EUCKRFreq.tab in Resources */,
				E247A3641D8CD0C90098B62E /* MBProgressHUD.bundle in Resources */,
				E2E62BC01E90B9C300A4ACA5 /* EUCTWFreq.tab in Resources */,
				E2E62BE51E90B9FE00A4ACA5 /* Big5Freq.tab in Resources */,
				E229FB1E1DA384EF00574EAD /* guide.txt in Resources */,
				E247A36D1D8D227C0098B62E /* BTSignInAndUpStoryboard.storyboard in Resources */,
				E231A7811DAA6B140011B03A /* Podfile in Resources */,
				E22B8C2F1D71812A00A9976F /* Assets.xcassets in Resources */,
				E2E62BC21E90B9C300A4ACA5 /* JISFreq.tab in Resources */,
			);
			runOnlyForDeploymentPostprocessing = 0;
		};
/* End PBXResourcesBuildPhase section */

/* Begin PBXShellScriptBuildPhase section */
		7BDF2D231CD121BF94779C20 /* Copy Pods Resources */ = {
			isa = PBXShellScriptBuildPhase;
			buildActionMask = 2147483647;
			files = (
			);
			inputPaths = (
			);
			name = "Copy Pods Resources";
			outputPaths = (
			);
			runOnlyForDeploymentPostprocessing = 0;
			shellPath = /bin/sh;
			shellScript = "\"${SRCROOT}/Pods/Target Support Files/Pods/Pods-resources.sh\"\n";
			showEnvVarsInLog = 0;
		};
		886BAD908DA24D35AF9E1435 /* Check Pods Manifest.lock */ = {
			isa = PBXShellScriptBuildPhase;
			buildActionMask = 2147483647;
			files = (
			);
			inputPaths = (
			);
			name = "Check Pods Manifest.lock";
			outputPaths = (
			);
			runOnlyForDeploymentPostprocessing = 0;
			shellPath = /bin/sh;
			shellScript = "diff \"${PODS_ROOT}/../Podfile.lock\" \"${PODS_ROOT}/Manifest.lock\" > /dev/null\nif [[ $? != 0 ]] ; then\n    cat << EOM\nerror: The sandbox is not in sync with the Podfile.lock. Run 'pod install' or update your CocoaPods installation.\nEOM\n    exit 1\nfi\n";
			showEnvVarsInLog = 0;
		};
		D494B9E9D14D5E6FBEC7DEE8 /* Embed Pods Frameworks */ = {
			isa = PBXShellScriptBuildPhase;
			buildActionMask = 2147483647;
			files = (
			);
			inputPaths = (
			);
			name = "Embed Pods Frameworks";
			outputPaths = (
			);
			runOnlyForDeploymentPostprocessing = 0;
			shellPath = /bin/sh;
			shellScript = "\"${SRCROOT}/Pods/Target Support Files/Pods/Pods-frameworks.sh\"\n";
			showEnvVarsInLog = 0;
		};
/* End PBXShellScriptBuildPhase section */

/* Begin PBXSourcesBuildPhase section */
		E22B8C1B1D71812900A9976F /* Sources */ = {
			isa = PBXSourcesBuildPhase;
			buildActionMask = 2147483647;
			files = (
				E217731D1DA48E0A002FA783 /* BTBookTagViewController.m in Sources */,
				E23D42081E98E4D30064A0CD /* BookBrowser+CoreDataProperties.m in Sources */,
				E247A3631D8CD0C90098B62E /* MBProgressHUD+MJ.m in Sources */,
				E299E77A1DB20CE9001F0CC7 /* BTAdviceViewController.m in Sources */,
				E21A5B7F1DAB5D8900AE96EC /* BTChangePasswordViewController.m in Sources */,
				E24713371D7ABD510064BF6D /* PinyinHelper.m in Sources */,
				E24920931D781C50009671EF /* SDWebImageDecoder.m in Sources */,
				E2E62BC91E90B9C300A4ACA5 /* LangGermanModel.mm in Sources */,
				E24920961D781C50009671EF /* SDWebImageManager.m in Sources */,
				E24713321D7ABD510064BF6D /* ChineseToPinyinResource.m in Sources */,
				E2E62BD11E90B9C300A4ACA5 /* LangVietnameseModel.mm in Sources */,
				E2E62BDF1E90B9C300A4ACA5 /* nsSBCSGroupProber.mm in Sources */,
				E24713471D7B1DF20064BF6D /* ASProgressPopUpView.m in Sources */,
				E229FB211DA387E500574EAD /* BTBookLibraryViewController.m in Sources */,
				E2E62BC71E90B9C300A4ACA5 /* LangEsperantoModel.mm in Sources */,
				E24920901D781C50009671EF /* NSData+ImageContentType.m in Sources */,
				E2E62BC61E90B9C300A4ACA5 /* LangDanishModel.mm in Sources */,
				E2E62BD01E90B9C300A4ACA5 /* LangTurkishModel.mm in Sources */,
				E2E62BC81E90B9C300A4ACA5 /* LangFrenchModel.mm in Sources */,
				E24920921D781C50009671EF /* SDWebImageCompat.m in Sources */,
				E249209E1D781C50009671EF /* UIView+WebCacheOperation.m in Sources */,
				E24713461D7B1DF20064BF6D /* ASPopUpView.m in Sources */,
				E2E62BCC1E90B9C300A4ACA5 /* LangHungarianModel.mm in Sources */,
				E24713341D7ABD510064BF6D /* NSString+PinYin4Cocoa.m in Sources */,
				E24713331D7ABD510064BF6D /* HanyuPinyinOutputFormat.m in Sources */,
				E247A3731D9021C70098B62E /* BTSearchHistoryViewController.m in Sources */,
				E247A3681D8CDEC50098B62E /* BTSignInViewController.m in Sources */,
				E2E62BCE1E90B9C300A4ACA5 /* LangSpanishModel.mm in Sources */,
				E21A5B821DABD32500AE96EC /* BTOpenDownloadedBookActionSheet.m in Sources */,
				E2E62BCA1E90B9C300A4ACA5 /* LangGreekModel.mm in Sources */,
				E249209B1D781C50009671EF /* UIImage+WebP.m in Sources */,
				E249209C1D781C50009671EF /* UIImageView+HighlightedWebCache.m in Sources */,
				E2E62BD71E90B9C300A4ACA5 /* nsEUCKRProber.mm in Sources */,
				E2E62BC31E90B9C300A4ACA5 /* JpCntx.mm in Sources */,
				E247A36B1D8CDED30098B62E /* BTSignUpViewController.m in Sources */,
				E22B8C271D71812A00A9976F /* AppDelegate.m in Sources */,
				E2E62BC41E90B9C300A4ACA5 /* LangArabicModel.mm in Sources */,
				E23D41D11E98C5730064A0CD /* bookBrowser.xcdatamodeld in Sources */,
				E22B8C5B1D7194E700A9976F /* UIView+extension.m in Sources */,
				E2E62BDB1E90B9C300A4ACA5 /* nsLatin1Prober.mm in Sources */,
				E23D420C1E98F5830064A0CD /* BTBookBrowserTool.m in Sources */,
				E24920981D781C50009671EF /* UIButton+WebCache.m in Sources */,
				E22B0BAF1D93F6BB00D51E4B /* BTBookDetailView.m in Sources */,
				E2E62BC51E90B9C300A4ACA5 /* LangBulgarianModel.mm in Sources */,
				E247134A1D7B23960064BF6D /* LYProgressView.m in Sources */,
				E247A3761D921CEE0098B62E /* BTProfileViewController.m in Sources */,
				E24920971D781C50009671EF /* SDWebImagePrefetcher.m in Sources */,
				E2E62BCB1E90B9C300A4ACA5 /* LangHebrewModel.mm in Sources */,
				E24920951D781C50009671EF /* SDWebImageDownloaderOperation.m in Sources */,
				E22B8C5E1D72A48800A9976F /* BTBook.m in Sources */,
				E247A3651D8CD0C90098B62E /* MBProgressHUD.m in Sources */,
				E2E62BD51E90B9C300A4ACA5 /* nsEscSM.mm in Sources */,
				E2E62BBE1E90B9C300A4ACA5 /* CharDistribution.mm in Sources */,
				E2E62BE21E90B9C300A4ACA5 /* nsUTF8Prober.mm in Sources */,
				E22B8C241D71812A00A9976F /* main.m in Sources */,
				E249209A1D781C50009671EF /* UIImage+MultiFormat.m in Sources */,
				E2E62BD81E90B9C300A4ACA5 /* nsEUCTWProber.mm in Sources */,
				E2E62BDA1E90B9C300A4ACA5 /* nsHebrewProber.mm in Sources */,
				E24713401D7AD2640064BF6D /* BTSearchViewController.m in Sources */,
				E227393C1D732AB4006D3D34 /* BTKindleBookCell.m in Sources */,
				E23D42091E98E4D30064A0CD /* BookBrowser.m in Sources */,
				E2E62BD61E90B9C300A4ACA5 /* nsEUCJPProber.mm in Sources */,
				E2E62BDD1E90B9C300A4ACA5 /* nsMBCSSM.mm in Sources */,
				E24920911D781C50009671EF /* SDImageCache.m in Sources */,
				E247A3591D8B8AFB0098B62E /* BTBaseWebViewController.m in Sources */,
				E2E62BCF1E90B9C300A4ACA5 /* LangThaiModel.mm in Sources */,
				E22B0BB51D96A8F900D51E4B /* BTKindleAssistantFatherViewController.m in Sources */,
				E2E62BDC1E90B9C300A4ACA5 /* nsMBCSGroupProber.mm in Sources */,
				E2E62BD31E90B9C300A4ACA5 /* nsCharSetProber.mm in Sources */,
				E2E62BD21E90B9C300A4ACA5 /* nsBig5Prober.mm in Sources */,
				E2E62BE31E90B9C300A4ACA5 /* uchardet.mm in Sources */,
				E2E62BCD1E90B9C300A4ACA5 /* LangRussianModel.mm in Sources */,
				E2E6295C1E90A88600A4ACA5 /* BTBookBrowserViewController.m in Sources */,
				E2E62BDE1E90B9C300A4ACA5 /* nsSBCharSetProber.mm in Sources */,
				E22B8C4E1D71843A00A9976F /* BTKindleAssistantViewController.m in Sources */,
				E24920991D781C50009671EF /* UIImage+GIF.m in Sources */,
				E24713351D7ABD510064BF6D /* PinyinFormatter.m in Sources */,
				E2E62C7B1E91466B00A4ACA5 /* NSString+BTOverRange.m in Sources */,
				E247A3701D8E6B870098B62E /* BTVerifyEmailViewController.m in Sources */,
				E24920941D781C50009671EF /* SDWebImageDownloader.m in Sources */,
				E249209D1D781C50009671EF /* UIImageView+WebCache.m in Sources */,
				E231A7841DAA8EB80011B03A /* MJChiBaoZiHeader.m in Sources */,
				E24713311D7ABD510064BF6D /* ChineseInclude.m in Sources */,
				E2E62BD41E90B9C300A4ACA5 /* nsEscCharsetProber.mm in Sources */,
				E2E62BE01E90B9C300A4ACA5 /* nsSJISProber.mm in Sources */,
				E24713361D7ABD510064BF6D /* PinYinForObjc.m in Sources */,
				E2E62BD91E90B9C300A4ACA5 /* nsGB2312Prober.mm in Sources */,
				E22B0BB81D97AE1300D51E4B /* BTSearchHistoryCell.m in Sources */,
				E2E62BE11E90B9C300A4ACA5 /* nsUniversalDetector.mm in Sources */,
				E23D42071E98E4D30064A0CD /* Chapter.m in Sources */,
				E249208F1D781C50009671EF /* MKAnnotationView+WebCache.m in Sources */,
			);
			runOnlyForDeploymentPostprocessing = 0;
		};
/* End PBXSourcesBuildPhase section */

/* Begin XCBuildConfiguration section */
		E22B8C341D71812A00A9976F /* Debug */ = {
			isa = XCBuildConfiguration;
			buildSettings = {
				ALWAYS_SEARCH_USER_PATHS = NO;
				CLANG_ANALYZER_NONNULL = YES;
				CLANG_CXX_LANGUAGE_STANDARD = "gnu++0x";
				CLANG_CXX_LIBRARY = "libc++";
				CLANG_ENABLE_MODULES = YES;
				CLANG_ENABLE_OBJC_ARC = YES;
				CLANG_WARN_BOOL_CONVERSION = YES;
				CLANG_WARN_CONSTANT_CONVERSION = YES;
				CLANG_WARN_DIRECT_OBJC_ISA_USAGE = YES_ERROR;
				CLANG_WARN_EMPTY_BODY = YES;
				CLANG_WARN_ENUM_CONVERSION = YES;
				CLANG_WARN_INT_CONVERSION = YES;
				CLANG_WARN_OBJC_ROOT_CLASS = YES_ERROR;
				CLANG_WARN_UNREACHABLE_CODE = YES;
				CLANG_WARN__DUPLICATE_METHOD_MATCH = YES;
				"CODE_SIGN_IDENTITY[sdk=iphoneos*]" = "iPhone Developer";
				COPY_PHASE_STRIP = NO;
				DEBUG_INFORMATION_FORMAT = dwarf;
				ENABLE_STRICT_OBJC_MSGSEND = YES;
				ENABLE_TESTABILITY = YES;
				GCC_C_LANGUAGE_STANDARD = gnu99;
				GCC_DYNAMIC_NO_PIC = NO;
				GCC_NO_COMMON_BLOCKS = YES;
				GCC_OPTIMIZATION_LEVEL = 0;
				GCC_PREPROCESSOR_DEFINITIONS = (
					"DEBUG=1",
					"$(inherited)",
				);
				GCC_WARN_64_TO_32_BIT_CONVERSION = YES;
				GCC_WARN_ABOUT_RETURN_TYPE = YES_ERROR;
				GCC_WARN_UNDECLARED_SELECTOR = YES;
				GCC_WARN_UNINITIALIZED_AUTOS = YES_AGGRESSIVE;
				GCC_WARN_UNUSED_FUNCTION = YES;
				GCC_WARN_UNUSED_VARIABLE = YES;
				IPHONEOS_DEPLOYMENT_TARGET = 9.3;
				MTL_ENABLE_DEBUG_INFO = YES;
				ONLY_ACTIVE_ARCH = YES;
				SDKROOT = iphoneos;
			};
			name = Debug;
		};
		E22B8C351D71812A00A9976F /* Release */ = {
			isa = XCBuildConfiguration;
			buildSettings = {
				ALWAYS_SEARCH_USER_PATHS = NO;
				CLANG_ANALYZER_NONNULL = YES;
				CLANG_CXX_LANGUAGE_STANDARD = "gnu++0x";
				CLANG_CXX_LIBRARY = "libc++";
				CLANG_ENABLE_MODULES = YES;
				CLANG_ENABLE_OBJC_ARC = YES;
				CLANG_WARN_BOOL_CONVERSION = YES;
				CLANG_WARN_CONSTANT_CONVERSION = YES;
				CLANG_WARN_DIRECT_OBJC_ISA_USAGE = YES_ERROR;
				CLANG_WARN_EMPTY_BODY = YES;
				CLANG_WARN_ENUM_CONVERSION = YES;
				CLANG_WARN_INT_CONVERSION = YES;
				CLANG_WARN_OBJC_ROOT_CLASS = YES_ERROR;
				CLANG_WARN_UNREACHABLE_CODE = YES;
				CLANG_WARN__DUPLICATE_METHOD_MATCH = YES;
				"CODE_SIGN_IDENTITY[sdk=iphoneos*]" = "iPhone Developer";
				COPY_PHASE_STRIP = NO;
				DEBUG_INFORMATION_FORMAT = "dwarf-with-dsym";
				ENABLE_NS_ASSERTIONS = NO;
				ENABLE_STRICT_OBJC_MSGSEND = YES;
				GCC_C_LANGUAGE_STANDARD = gnu99;
				GCC_NO_COMMON_BLOCKS = YES;
				GCC_WARN_64_TO_32_BIT_CONVERSION = YES;
				GCC_WARN_ABOUT_RETURN_TYPE = YES_ERROR;
				GCC_WARN_UNDECLARED_SELECTOR = YES;
				GCC_WARN_UNINITIALIZED_AUTOS = YES_AGGRESSIVE;
				GCC_WARN_UNUSED_FUNCTION = YES;
				GCC_WARN_UNUSED_VARIABLE = YES;
				IPHONEOS_DEPLOYMENT_TARGET = 9.3;
				MTL_ENABLE_DEBUG_INFO = NO;
				SDKROOT = iphoneos;
				VALIDATE_PRODUCT = YES;
			};
			name = Release;
		};
		E22B8C371D71812A00A9976F /* Debug */ = {
			isa = XCBuildConfiguration;
			baseConfigurationReference = 4C0EF943891CF2231A5BE3D8 /* Pods.debug.xcconfig */;
			buildSettings = {
				ASSETCATALOG_COMPILER_APPICON_NAME = AppIcon;
				ASSETCATALOG_COMPILER_LAUNCHIMAGE_NAME = "Brand Assets";
				CLANG_USE_OPTIMIZATION_PROFILE = YES;
				CODE_SIGN_IDENTITY = "iPhone Developer";
				"CODE_SIGN_IDENTITY[sdk=iphoneos*]" = "iPhone Developer";
				ENABLE_BITCODE = NO;
				GCC_PRECOMPILE_PREFIX_HEADER = YES;
				GCC_PREFIX_HEADER = "$(SRCROOT)/$(PROJECT_NAME)/PrefixHeader.pch";
				HEADER_SEARCH_PATHS = (
					"$(inherited)",
					"\"${PODS_ROOT}/Headers/Public\"",
					"\"${PODS_ROOT}/Headers/Public/AFNetworking\"",
					"\"${PODS_ROOT}/Headers/Public/BmobSDK\"",
					"\"${PODS_ROOT}/Headers/Public/FMDB\"",
					"\"${PODS_ROOT}/Headers/Public/MJRefresh\"",
					"\"${PODS_ROOT}/Headers/Public/MMDrawerController\"",
					"\"${PODS_ROOT}/Headers/Public/Masonry\"",
					"$(CORDOVALIB)/Classes",
				);
				INFOPLIST_FILE = "$(SRCROOT)/Binder/Info.plist";
				IPHONEOS_DEPLOYMENT_TARGET = 7.0;
				LD_RUNPATH_SEARCH_PATHS = "$(inherited) @executable_path/Frameworks";
				PRODUCT_BUNDLE_IDENTIFIER = com.developer.jaccob.iOS.Binder;
				PRODUCT_NAME = Binder;
				PROVISIONING_PROFILE = "";
			};
			name = Debug;
		};
		E22B8C381D71812A00A9976F /* Release */ = {
			isa = XCBuildConfiguration;
			baseConfigurationReference = 4B58FAF8997860304B2587B2 /* Pods.release.xcconfig */;
			buildSettings = {
				ASSETCATALOG_COMPILER_APPICON_NAME = AppIcon;
				ASSETCATALOG_COMPILER_LAUNCHIMAGE_NAME = "Brand Assets";
				CLANG_USE_OPTIMIZATION_PROFILE = YES;
				CODE_SIGN_IDENTITY = "iPhone Developer";
				"CODE_SIGN_IDENTITY[sdk=iphoneos*]" = "iPhone Developer";
				ENABLE_BITCODE = NO;
				GCC_PRECOMPILE_PREFIX_HEADER = YES;
				GCC_PREFIX_HEADER = "$(SRCROOT)/$(PROJECT_NAME)/PrefixHeader.pch";
				HEADER_SEARCH_PATHS = (
					"$(inherited)",
					"\"${PODS_ROOT}/Headers/Public\"",
					"\"${PODS_ROOT}/Headers/Public/AFNetworking\"",
					"\"${PODS_ROOT}/Headers/Public/BmobSDK\"",
					"\"${PODS_ROOT}/Headers/Public/FMDB\"",
					"\"${PODS_ROOT}/Headers/Public/MJRefresh\"",
					"\"${PODS_ROOT}/Headers/Public/MMDrawerController\"",
					"\"${PODS_ROOT}/Headers/Public/Masonry\"",
					"$(CORDOVALIB)/Classes",
				);
				INFOPLIST_FILE = "$(SRCROOT)/Binder/Info.plist";
				IPHONEOS_DEPLOYMENT_TARGET = 7.0;
				LD_RUNPATH_SEARCH_PATHS = "$(inherited) @executable_path/Frameworks";
				PRODUCT_BUNDLE_IDENTIFIER = com.developer.jaccob.iOS.Binder;
				PRODUCT_NAME = Binder;
				PROVISIONING_PROFILE = "";
			};
			name = Release;
		};
/* End XCBuildConfiguration section */

/* Begin XCConfigurationList section */
		E22B8C1A1D71812900A9976F /* Build configuration list for PBXProject "Binder" */ = {
			isa = XCConfigurationList;
			buildConfigurations = (
				E22B8C341D71812A00A9976F /* Debug */,
				E22B8C351D71812A00A9976F /* Release */,
			);
			defaultConfigurationIsVisible = 0;
			defaultConfigurationName = Release;
		};
		E22B8C361D71812A00A9976F /* Build configuration list for PBXNativeTarget "Binder" */ = {
			isa = XCConfigurationList;
			buildConfigurations = (
				E22B8C371D71812A00A9976F /* Debug */,
				E22B8C381D71812A00A9976F /* Release */,
			);
			defaultConfigurationIsVisible = 0;
			defaultConfigurationName = Release;
		};
/* End XCConfigurationList section */

/* Begin XCVersionGroup section */
		E23D41CF1E98C5730064A0CD /* bookBrowser.xcdatamodeld */ = {
			isa = XCVersionGroup;
			children = (
				E23D41D01E98C5730064A0CD /* bookBrowser.xcdatamodel */,
			);
			currentVersion = E23D41D01E98C5730064A0CD /* bookBrowser.xcdatamodel */;
			path = bookBrowser.xcdatamodeld;
			sourceTree = "<group>";
			versionGroupType = wrapper.xcdatamodel;
		};
/* End XCVersionGroup section */
	};
	rootObject = E22B8C171D71812900A9976F /* Project object */;
}
